// !$*UTF8*$!
{
	archiveVersion = 1;
	classes = {
	};
	objectVersion = 70;
	objects = {

/* Begin PBXBuildFile section */
		0C9C9A37C0FF97B7DA4B0AA1 /* CostTracker.swift in Sources */ = {isa = PBXBuildFile; fileRef = D28E5D714F17DA7A43A0182D /* CostTracker.swift */; };
		18772BF65693156AC43F75D2 /* TaskAssignmentCoordinator.swift in Sources */ = {isa = PBXBuildFile; fileRef = 0178D0EB98540F719EB6D5CE /* TaskAssignmentCoordinator.swift */; };
		1A7D6291EFA4D08B52E90928 /* WorktreeService.swift in Sources */ = {isa = PBXBuildFile; fileRef = 6238124A78A2C3A74FCFEDBB /* WorktreeService.swift */; };
		224F4D7EECEE1287AF701CE6 /* TaskAssignmentCoordinatorTests.swift in Sources */ = {isa = PBXBuildFile; fileRef = CE485CA04822282FDD056DFB /* TaskAssignmentCoordinatorTests.swift */; };
		3724AAF9F7B57FC2766507ED /* SyncEngineTests.swift in Sources */ = {isa = PBXBuildFile; fileRef = BE366A3151FDDA78680EDF0C /* SyncEngineTests.swift */; };
		39E9C6A3C0CAA85B4B8993D8 /* Axel.app in Frameworks */ = {isa = PBXBuildFile; fileRef = A1000001001A0001 /* Axel.app */; };
		43AFE93D2F2C12CE00513889 /* Axel.icon in Resources */ = {isa = PBXBuildFile; fileRef = 43AFE93C2F2C12CE00513889 /* Axel.icon */; };
		43BD82722F1D63F40092A96C /* Supabase in Frameworks */ = {isa = PBXBuildFile; productRef = 43BD82712F1D63F40092A96C /* Supabase */; };
		43BD82732F1D63F40092A96C /* AutomergeWrapper in Frameworks */ = {isa = PBXBuildFile; productRef = 43BD82742F1D63F40092A96C /* AutomergeWrapper */; };
		43BD82752F1D63F50092A96C /* SwiftTermWrapper in Frameworks */ = {isa = PBXBuildFile; productRef = 43BD82772F1D63F50092A96C /* SwiftTermWrapper */; };
		43BD82802F1D70000092A96C /* Sparkle in Frameworks */ = {isa = PBXBuildFile; productRef = 43BD827F2F1D70000092A96C /* Sparkle */; };
		A1000001201A0001 /* AxelApp.swift in Sources */ = {isa = PBXBuildFile; fileRef = A1000001101A0001 /* AxelApp.swift */; };
		A1000001201A0002 /* ContentView.swift in Sources */ = {isa = PBXBuildFile; fileRef = A1000001101A0002 /* ContentView.swift */; };
		A1000001201A0003 /* Task.swift in Sources */ = {isa = PBXBuildFile; fileRef = A1000001101A0003 /* Task.swift */; };
		A1000001201A0004 /* TodoViewModel.swift in Sources */ = {isa = PBXBuildFile; fileRef = A1000001101A0004 /* TodoViewModel.swift */; };
		A1000001201A0008 /* PreviewContainer.swift in Sources */ = {isa = PBXBuildFile; fileRef = A1000001101A0008 /* PreviewContainer.swift */; };
		A1000001201A0009 /* Assets.xcassets in Resources */ = {isa = PBXBuildFile; fileRef = A1000001101A0009 /* Assets.xcassets */; };
		A1000001201A0010 /* TerminalPanelView.swift in Sources */ = {isa = PBXBuildFile; fileRef = A1000001101A0010 /* TerminalPanelView.swift */; };
		A1000001201A0011 /* SwiftTermWrapper.swift in Sources */ = {isa = PBXBuildFile; fileRef = A1000001101A0011 /* SwiftTermWrapper.swift */; };
		A1000001201A0012 /* Skill.swift in Sources */ = {isa = PBXBuildFile; fileRef = A1000001101A0012 /* Skill.swift */; };
		A1000001201A0013 /* SkillsView.swift in Sources */ = {isa = PBXBuildFile; fileRef = A1000001101A0013 /* SkillsView.swift */; };
		A1000001201A0014 /* Context.swift in Sources */ = {isa = PBXBuildFile; fileRef = A1000001101A0014 /* Context.swift */; };
		A1000001201A0015 /* ContextView.swift in Sources */ = {isa = PBXBuildFile; fileRef = A1000001101A0015 /* ContextView.swift */; };
		A1000001201A0016 /* RunningView.swift in Sources */ = {isa = PBXBuildFile; fileRef = A1000001101A0016 /* RunningView.swift */; };
		A1000001201A0017 /* SupabaseConfig.swift in Sources */ = {isa = PBXBuildFile; fileRef = A1000001101A0017 /* SupabaseConfig.swift */; };
		A1000001201A0018 /* SyncModels.swift in Sources */ = {isa = PBXBuildFile; fileRef = A1000001101A0018 /* SyncModels.swift */; };
		A1000001201A0019 /* SyncService.swift in Sources */ = {isa = PBXBuildFile; fileRef = A1000001101A0019 /* SyncService.swift */; };
		A1000001201A001A /* AuthService.swift in Sources */ = {isa = PBXBuildFile; fileRef = A1000001101A001A /* AuthService.swift */; };
		A1000001201A0021 /* Profile.swift in Sources */ = {isa = PBXBuildFile; fileRef = A1000001101A0021 /* Profile.swift */; };
		A1000001201A0022 /* Organization.swift in Sources */ = {isa = PBXBuildFile; fileRef = A1000001101A0022 /* Organization.swift */; };
		A1000001201A0023 /* OrganizationMember.swift in Sources */ = {isa = PBXBuildFile; fileRef = A1000001101A0023 /* OrganizationMember.swift */; };
		A1000001201A0024 /* Workspace.swift in Sources */ = {isa = PBXBuildFile; fileRef = A1000001101A0024 /* Workspace.swift */; };
		A1000001201A0025 /* TaskComment.swift in Sources */ = {isa = PBXBuildFile; fileRef = A1000001101A0025 /* TaskComment.swift */; };
		A1000001201A0026 /* TaskAttachment.swift in Sources */ = {isa = PBXBuildFile; fileRef = A1000001101A0026 /* TaskAttachment.swift */; };
		A1000001201A0027 /* Terminal.swift in Sources */ = {isa = PBXBuildFile; fileRef = A1000001101A0027 /* Terminal.swift */; };
		A1000001201A0028 /* TaskDispatch.swift in Sources */ = {isa = PBXBuildFile; fileRef = A1000001101A0028 /* TaskDispatch.swift */; };
		A1000001201A0029 /* Hint.swift in Sources */ = {isa = PBXBuildFile; fileRef = A1000001101A0029 /* Hint.swift */; };
		A1000001201A0031 /* WorkspacePickerView.swift in Sources */ = {isa = PBXBuildFile; fileRef = A1000001101A0031 /* WorkspacePickerView.swift */; };
		A1000001201A0032 /* WorkspaceWindowView.swift in Sources */ = {isa = PBXBuildFile; fileRef = A1000001101A0032 /* WorkspaceWindowView.swift */; };
		A1000001201A0033 /* WorkspaceContentView.swift in Sources */ = {isa = PBXBuildFile; fileRef = A1000001101A0033 /* WorkspaceContentView.swift */; };
		A1000001201A0040 /* InboxEvent.swift in Sources */ = {isa = PBXBuildFile; fileRef = A1000001101A0040 /* InboxEvent.swift */; };
		A1000001201A0041 /* InboxService.swift in Sources */ = {isa = PBXBuildFile; fileRef = A1000001101A0041 /* InboxService.swift */; };
		A1000001201A0042 /* InboxView.swift in Sources */ = {isa = PBXBuildFile; fileRef = A1000001101A0042 /* InboxView.swift */; };
		A1000001201A0043 /* TaskMetrics.swift in Sources */ = {isa = PBXBuildFile; fileRef = A1000001101A0043 /* TaskMetrics.swift */; };
		A1000001201A0044 /* DiffView.swift in Sources */ = {isa = PBXBuildFile; fileRef = A1000001101A0044 /* DiffView.swift */; };
		A1000001201A0045 /* AutomergeStore.swift in Sources */ = {isa = PBXBuildFile; fileRef = A1000001101A0045 /* AutomergeStore.swift */; };
		A1000001201A0046 /* AutomergeSchemas.swift in Sources */ = {isa = PBXBuildFile; fileRef = A1000001101A0046 /* AutomergeSchemas.swift */; };
		A1000001201A0047 /* WorkspaceContainerManager.swift in Sources */ = {isa = PBXBuildFile; fileRef = A1000001101A0047 /* WorkspaceContainerManager.swift */; };
		A1000001201A0060 /* OrganizationInvitation.swift in Sources */ = {isa = PBXBuildFile; fileRef = A1000001101A0060 /* OrganizationInvitation.swift */; };
		A1000001201A0061 /* TeamView.swift in Sources */ = {isa = PBXBuildFile; fileRef = A1000001101A0061 /* TeamView.swift */; };
		A1000001201A0070 /* SimpleTerminalView.swift in Sources */ = {isa = PBXBuildFile; fileRef = A1000001101A0070 /* SimpleTerminalView.swift */; };
		A1000001201A0080 /* SwipeableCardView.swift in Sources */ = {isa = PBXBuildFile; fileRef = A1000001101A0080 /* SwipeableCardView.swift */; };
		A1000001201A0081 /* InboxCardStackView.swift in Sources */ = {isa = PBXBuildFile; fileRef = A1000001101A0081 /* InboxCardStackView.swift */; };
		A1000001201A0082 /* PermissionCardContent.swift in Sources */ = {isa = PBXBuildFile; fileRef = A1000001101A0082 /* PermissionCardContent.swift */; };
		A1000001201A0083 /* iPhoneInboxCardStackView.swift in Sources */ = {isa = PBXBuildFile; fileRef = A1000001101A0083 /* iPhoneInboxCardStackView.swift */; };
		A1000001201A0084 /* SwipeCardsKit.swift in Sources */ = {isa = PBXBuildFile; fileRef = A1000001101A0084 /* SwipeCardsKit.swift */; };
		A1000001201A0090 /* URLOpening.swift in Sources */ = {isa = PBXBuildFile; fileRef = A1000001101A0090 /* URLOpening.swift */; };
		A1000001201A0091 /* SyncMode.swift in Sources */ = {isa = PBXBuildFile; fileRef = A1000001101A0091 /* SyncMode.swift */; };
		A1000001201A0092 /* PlatformServices.swift in Sources */ = {isa = PBXBuildFile; fileRef = A1000001101A0092 /* PlatformServices.swift */; };
		A1000001201A0093 /* KeyboardShortcuts.swift in Sources */ = {isa = PBXBuildFile; fileRef = A1000001101A0093 /* KeyboardShortcuts.swift */; };
		A1000001201A0094 /* NavigationTypes.swift in Sources */ = {isa = PBXBuildFile; fileRef = A1000001101A0094 /* NavigationTypes.swift */; };
		A1000001201A0095 /* IOSContentView.swift in Sources */ = {isa = PBXBuildFile; fileRef = A1000001101A0095 /* IOSContentView.swift */; };
		A1000001201A0096 /* VisionContentView.swift in Sources */ = {isa = PBXBuildFile; fileRef = A1000001101A0096 /* VisionContentView.swift */; };
		A1000001201A0097 /* MacHelpers.swift in Sources */ = {isa = PBXBuildFile; fileRef = A1000001101A0097 /* MacHelpers.swift */; };
		A1000001201A0098 /* MacScenes.swift in Sources */ = {isa = PBXBuildFile; fileRef = A1000001101A0098 /* MacScenes.swift */; };
		A1000001201A0099 /* MobileScene.swift in Sources */ = {isa = PBXBuildFile; fileRef = A1000001101A0099 /* MobileScene.swift */; };
		A1000001201A0100 /* ImmersiveView.swift in Sources */ = {isa = PBXBuildFile; fileRef = A1000001101A0100 /* ImmersiveView.swift */; };
		A1000001201A0101 /* CommandPanelViews.swift in Sources */ = {isa = PBXBuildFile; fileRef = A1000001101A0101 /* CommandPanelViews.swift */; };
		A1000001201A0102 /* CommandCenterView.swift in Sources */ = {isa = PBXBuildFile; fileRef = A1000001101A0102 /* CommandCenterView.swift */; };
		A1000001201A0103 /* TaskSkill.swift in Sources */ = {isa = PBXBuildFile; fileRef = A1000001101A0103 /* TaskSkill.swift */; };
		A1000001201A0104 /* SkillManager.swift in Sources */ = {isa = PBXBuildFile; fileRef = A1000001101A0104 /* SkillManager.swift */; };
		A1000001201A0110 /* EmptyStateView.swift in Sources */ = {isa = PBXBuildFile; fileRef = A1000001101A0110 /* EmptyStateView.swift */; };
		A1000001201A0111 /* TaskUndoManager.swift in Sources */ = {isa = PBXBuildFile; fileRef = A1000001101A0111 /* TaskUndoManager.swift */; };
		A1000001201A0112 /* TasksSceneView.swift in Sources */ = {isa = PBXBuildFile; fileRef = A1000001101A0112 /* TasksSceneView.swift */; };
		A1000001201A0113 /* AIProvider.swift in Sources */ = {isa = PBXBuildFile; fileRef = A1000001101A0113 /* AIProvider.swift */; };
		A1000001201A0114 /* TasksSceneViewModel.swift in Sources */ = {isa = PBXBuildFile; fileRef = A1000001101A0114 /* TasksSceneViewModel.swift */; };
		A1000001201A0115 /* TasksSceneViewModelTests.swift in Sources */ = {isa = PBXBuildFile; fileRef = A1000001101A0115 /* TasksSceneViewModelTests.swift */; };
		A1000001201A0116 /* AIProviderUI.swift in Sources */ = {isa = PBXBuildFile; fileRef = A1000001101A0116 /* AIProviderUI.swift */; };
		A1000001201A0117 /* TasksTableView.swift in Sources */ = {isa = PBXBuildFile; fileRef = A1000001101A0117 /* TasksTableView.swift */; };
		A1000001201A0200 /* TaskQueueService.swift in Sources */ = {isa = PBXBuildFile; fileRef = A1000001101A0200 /* TaskQueueService.swift */; };
		A100000120A10030 /* TaskAssignee.swift in Sources */ = {isa = PBXBuildFile; fileRef = A100000110A10030 /* TaskAssignee.swift */; };
		AE133ED0512C6A98BDE08952 /* AutomergeModelTests.swift in Sources */ = {isa = PBXBuildFile; fileRef = 04E9C8657F1187F40A1EC1DB /* AutomergeModelTests.swift */; };
		B81242E637B124591F5B7B93 /* SessionStatusService.swift in Sources */ = {isa = PBXBuildFile; fileRef = 9C177CAE09A36E267719D856 /* SessionStatusService.swift */; };
		BAF581097CA2F8F7B7EBBCB1 /* SyncIntegrationTests.swift in Sources */ = {isa = PBXBuildFile; fileRef = ACF7B9EBCB92787E60FE8BF0 /* SyncIntegrationTests.swift */; };
		C4TERMINSPEC201A0001 /* TerminalInspectorView.swift in Sources */ = {isa = PBXBuildFile; fileRef = C4TERMINSPEC101A0001 /* TerminalInspectorView.swift */; };
		E435BED8E7D96547E09E1C1C /* Cocoa.framework in Frameworks */ = {isa = PBXBuildFile; fileRef = 23797E4E4415996BCCFE8E45 /* Cocoa.framework */; };
/* End PBXBuildFile section */

/* Begin PBXContainerItemProxy section */
		43E774782F298D900093DEC6 /* PBXContainerItemProxy */ = {
			isa = PBXContainerItemProxy;
			containerPortal = A1000001701A0001 /* Project object */;
			proxyType = 1;
			remoteGlobalIDString = A1000001501A0001;
			remoteInfo = Axel;
		};
		54BCE5588AC4C28939B99617 /* PBXContainerItemProxy */ = {
			isa = PBXContainerItemProxy;
			containerPortal = A1000001701A0001 /* Project object */;
			proxyType = 1;
			remoteGlobalIDString = A1000001501A0001;
			remoteInfo = Axel;
		};
/* End PBXContainerItemProxy section */

/* Begin PBXCopyFilesBuildPhase section */
		A1000001301A0010 /* Embed Frameworks */ = {
			isa = PBXCopyFilesBuildPhase;
			buildActionMask = 2147483647;
			dstPath = "";
			dstSubfolderSpec = 10;
			files = (
			);
			name = "Embed Frameworks";
			runOnlyForDeploymentPostprocessing = 0;
		};
/* End PBXCopyFilesBuildPhase section */

/* Begin PBXFileReference section */
		0178D0EB98540F719EB6D5CE /* TaskAssignmentCoordinator.swift */ = {isa = PBXFileReference; includeInIndex = 1; lastKnownFileType = sourcecode.swift; path = TaskAssignmentCoordinator.swift; sourceTree = "<group>"; };
		04E9C8657F1187F40A1EC1DB /* AutomergeModelTests.swift */ = {isa = PBXFileReference; includeInIndex = 1; lastKnownFileType = sourcecode.swift; path = AutomergeModelTests.swift; sourceTree = "<group>"; };
		23797E4E4415996BCCFE8E45 /* Cocoa.framework */ = {isa = PBXFileReference; lastKnownFileType = wrapper.framework; name = Cocoa.framework; path = Platforms/MacOSX.platform/Developer/SDKs/MacOSX15.0.sdk/System/Library/Frameworks/Cocoa.framework; sourceTree = DEVELOPER_DIR; };
		43AFE93C2F2C12CE00513889 /* Axel.icon */ = {isa = PBXFileReference; lastKnownFileType = folder.iconcomposer.icon; path = Axel.icon; sourceTree = "<group>"; };
		43E774722F298D900093DEC6 /* AxelUITests.xctest */ = {isa = PBXFileReference; explicitFileType = wrapper.cfbundle; includeInIndex = 0; path = AxelUITests.xctest; sourceTree = BUILT_PRODUCTS_DIR; };
		6238124A78A2C3A74FCFEDBB /* WorktreeService.swift */ = {isa = PBXFileReference; lastKnownFileType = sourcecode.swift; path = WorktreeService.swift; sourceTree = "<group>"; };
		9C177CAE09A36E267719D856 /* SessionStatusService.swift */ = {isa = PBXFileReference; lastKnownFileType = sourcecode.swift; path = SessionStatusService.swift; sourceTree = "<group>"; };
		A1000001001A0001 /* Axel.app */ = {isa = PBXFileReference; explicitFileType = wrapper.application; includeInIndex = 0; path = Axel.app; sourceTree = BUILT_PRODUCTS_DIR; };
		A1000001101A0001 /* AxelApp.swift */ = {isa = PBXFileReference; lastKnownFileType = sourcecode.swift; path = AxelApp.swift; sourceTree = "<group>"; };
		A1000001101A0002 /* ContentView.swift */ = {isa = PBXFileReference; lastKnownFileType = sourcecode.swift; path = ContentView.swift; sourceTree = "<group>"; };
		A1000001101A0003 /* Task.swift */ = {isa = PBXFileReference; lastKnownFileType = sourcecode.swift; path = Task.swift; sourceTree = "<group>"; };
		A1000001101A0004 /* TodoViewModel.swift */ = {isa = PBXFileReference; lastKnownFileType = sourcecode.swift; path = TodoViewModel.swift; sourceTree = "<group>"; };
		A1000001101A0008 /* PreviewContainer.swift */ = {isa = PBXFileReference; lastKnownFileType = sourcecode.swift; path = PreviewContainer.swift; sourceTree = "<group>"; };
		A1000001101A0009 /* Assets.xcassets */ = {isa = PBXFileReference; lastKnownFileType = folder.assetcatalog; path = Assets.xcassets; sourceTree = "<group>"; };
		A1000001101A000A /* Axel.entitlements */ = {isa = PBXFileReference; lastKnownFileType = text.plist.entitlements; path = Axel.entitlements; sourceTree = "<group>"; };
		A1000001101A0010 /* TerminalPanelView.swift */ = {isa = PBXFileReference; lastKnownFileType = sourcecode.swift; path = TerminalPanelView.swift; sourceTree = "<group>"; };
		A1000001101A0011 /* SwiftTermWrapper.swift */ = {isa = PBXFileReference; lastKnownFileType = sourcecode.swift; path = SwiftTermWrapper.swift; sourceTree = "<group>"; };
		A1000001101A0012 /* Skill.swift */ = {isa = PBXFileReference; lastKnownFileType = sourcecode.swift; path = Skill.swift; sourceTree = "<group>"; };
		A1000001101A0013 /* SkillsView.swift */ = {isa = PBXFileReference; lastKnownFileType = sourcecode.swift; path = SkillsView.swift; sourceTree = "<group>"; };
		A1000001101A0014 /* Context.swift */ = {isa = PBXFileReference; lastKnownFileType = sourcecode.swift; path = Context.swift; sourceTree = "<group>"; };
		A1000001101A0015 /* ContextView.swift */ = {isa = PBXFileReference; lastKnownFileType = sourcecode.swift; path = ContextView.swift; sourceTree = "<group>"; };
		A1000001101A0016 /* RunningView.swift */ = {isa = PBXFileReference; lastKnownFileType = sourcecode.swift; path = RunningView.swift; sourceTree = "<group>"; };
		A1000001101A0017 /* SupabaseConfig.swift */ = {isa = PBXFileReference; lastKnownFileType = sourcecode.swift; path = SupabaseConfig.swift; sourceTree = "<group>"; };
		A1000001101A0018 /* SyncModels.swift */ = {isa = PBXFileReference; lastKnownFileType = sourcecode.swift; path = SyncModels.swift; sourceTree = "<group>"; };
		A1000001101A0019 /* SyncService.swift */ = {isa = PBXFileReference; lastKnownFileType = sourcecode.swift; path = SyncService.swift; sourceTree = "<group>"; };
		A1000001101A001A /* AuthService.swift */ = {isa = PBXFileReference; lastKnownFileType = sourcecode.swift; path = AuthService.swift; sourceTree = "<group>"; };
		A1000001101A0021 /* Profile.swift */ = {isa = PBXFileReference; lastKnownFileType = sourcecode.swift; path = Profile.swift; sourceTree = "<group>"; };
		A1000001101A0022 /* Organization.swift */ = {isa = PBXFileReference; lastKnownFileType = sourcecode.swift; path = Organization.swift; sourceTree = "<group>"; };
		A1000001101A0023 /* OrganizationMember.swift */ = {isa = PBXFileReference; lastKnownFileType = sourcecode.swift; path = OrganizationMember.swift; sourceTree = "<group>"; };
		A1000001101A0024 /* Workspace.swift */ = {isa = PBXFileReference; lastKnownFileType = sourcecode.swift; path = Workspace.swift; sourceTree = "<group>"; };
		A1000001101A0025 /* TaskComment.swift */ = {isa = PBXFileReference; lastKnownFileType = sourcecode.swift; path = TaskComment.swift; sourceTree = "<group>"; };
		A1000001101A0026 /* TaskAttachment.swift */ = {isa = PBXFileReference; lastKnownFileType = sourcecode.swift; path = TaskAttachment.swift; sourceTree = "<group>"; };
		A1000001101A0027 /* Terminal.swift */ = {isa = PBXFileReference; lastKnownFileType = sourcecode.swift; path = Terminal.swift; sourceTree = "<group>"; };
		A1000001101A0028 /* TaskDispatch.swift */ = {isa = PBXFileReference; lastKnownFileType = sourcecode.swift; path = TaskDispatch.swift; sourceTree = "<group>"; };
		A1000001101A0029 /* Hint.swift */ = {isa = PBXFileReference; lastKnownFileType = sourcecode.swift; path = Hint.swift; sourceTree = "<group>"; };
		A1000001101A0031 /* WorkspacePickerView.swift */ = {isa = PBXFileReference; lastKnownFileType = sourcecode.swift; path = WorkspacePickerView.swift; sourceTree = "<group>"; };
		A1000001101A0032 /* WorkspaceWindowView.swift */ = {isa = PBXFileReference; lastKnownFileType = sourcecode.swift; path = WorkspaceWindowView.swift; sourceTree = "<group>"; };
		A1000001101A0033 /* WorkspaceContentView.swift */ = {isa = PBXFileReference; lastKnownFileType = sourcecode.swift; path = WorkspaceContentView.swift; sourceTree = "<group>"; };
		A1000001101A0040 /* InboxEvent.swift */ = {isa = PBXFileReference; lastKnownFileType = sourcecode.swift; path = InboxEvent.swift; sourceTree = "<group>"; };
		A1000001101A0041 /* InboxService.swift */ = {isa = PBXFileReference; lastKnownFileType = sourcecode.swift; path = InboxService.swift; sourceTree = "<group>"; };
		A1000001101A0042 /* InboxView.swift */ = {isa = PBXFileReference; lastKnownFileType = sourcecode.swift; path = InboxView.swift; sourceTree = "<group>"; };
		A1000001101A0043 /* TaskMetrics.swift */ = {isa = PBXFileReference; lastKnownFileType = sourcecode.swift; path = TaskMetrics.swift; sourceTree = "<group>"; };
		A1000001101A0044 /* DiffView.swift */ = {isa = PBXFileReference; lastKnownFileType = sourcecode.swift; path = DiffView.swift; sourceTree = "<group>"; };
		A1000001101A0045 /* AutomergeStore.swift */ = {isa = PBXFileReference; lastKnownFileType = sourcecode.swift; path = AutomergeStore.swift; sourceTree = "<group>"; };
		A1000001101A0046 /* AutomergeSchemas.swift */ = {isa = PBXFileReference; lastKnownFileType = sourcecode.swift; path = AutomergeSchemas.swift; sourceTree = "<group>"; };
		A1000001101A0047 /* WorkspaceContainerManager.swift */ = {isa = PBXFileReference; lastKnownFileType = sourcecode.swift; path = WorkspaceContainerManager.swift; sourceTree = "<group>"; };
		A1000001101A0051 /* Axel-Bridging-Header.h */ = {isa = PBXFileReference; lastKnownFileType = sourcecode.c.h; path = "Axel-Bridging-Header.h"; sourceTree = "<group>"; };
		A1000001101A0060 /* OrganizationInvitation.swift */ = {isa = PBXFileReference; lastKnownFileType = sourcecode.swift; path = OrganizationInvitation.swift; sourceTree = "<group>"; };
		A1000001101A0061 /* TeamView.swift */ = {isa = PBXFileReference; lastKnownFileType = sourcecode.swift; path = TeamView.swift; sourceTree = "<group>"; };
		A1000001101A0070 /* SimpleTerminalView.swift */ = {isa = PBXFileReference; lastKnownFileType = sourcecode.swift; path = SimpleTerminalView.swift; sourceTree = "<group>"; };
		A1000001101A0080 /* SwipeableCardView.swift */ = {isa = PBXFileReference; lastKnownFileType = sourcecode.swift; path = SwipeableCardView.swift; sourceTree = "<group>"; };
		A1000001101A0081 /* InboxCardStackView.swift */ = {isa = PBXFileReference; lastKnownFileType = sourcecode.swift; path = InboxCardStackView.swift; sourceTree = "<group>"; };
		A1000001101A0082 /* PermissionCardContent.swift */ = {isa = PBXFileReference; lastKnownFileType = sourcecode.swift; path = PermissionCardContent.swift; sourceTree = "<group>"; };
		A1000001101A0083 /* iPhoneInboxCardStackView.swift */ = {isa = PBXFileReference; lastKnownFileType = sourcecode.swift; path = iPhoneInboxCardStackView.swift; sourceTree = "<group>"; };
		A1000001101A0084 /* SwipeCardsKit.swift */ = {isa = PBXFileReference; lastKnownFileType = sourcecode.swift; path = SwipeCardsKit.swift; sourceTree = "<group>"; };
		A1000001101A0090 /* URLOpening.swift */ = {isa = PBXFileReference; lastKnownFileType = sourcecode.swift; path = URLOpening.swift; sourceTree = "<group>"; };
		A1000001101A0091 /* SyncMode.swift */ = {isa = PBXFileReference; lastKnownFileType = sourcecode.swift; path = SyncMode.swift; sourceTree = "<group>"; };
		A1000001101A0092 /* PlatformServices.swift */ = {isa = PBXFileReference; lastKnownFileType = sourcecode.swift; path = PlatformServices.swift; sourceTree = "<group>"; };
		A1000001101A0093 /* KeyboardShortcuts.swift */ = {isa = PBXFileReference; lastKnownFileType = sourcecode.swift; path = KeyboardShortcuts.swift; sourceTree = "<group>"; };
		A1000001101A0094 /* NavigationTypes.swift */ = {isa = PBXFileReference; lastKnownFileType = sourcecode.swift; path = NavigationTypes.swift; sourceTree = "<group>"; };
		A1000001101A0095 /* IOSContentView.swift */ = {isa = PBXFileReference; lastKnownFileType = sourcecode.swift; path = IOSContentView.swift; sourceTree = "<group>"; };
		A1000001101A0096 /* VisionContentView.swift */ = {isa = PBXFileReference; lastKnownFileType = sourcecode.swift; path = VisionContentView.swift; sourceTree = "<group>"; };
		A1000001101A0097 /* MacHelpers.swift */ = {isa = PBXFileReference; lastKnownFileType = sourcecode.swift; path = MacHelpers.swift; sourceTree = "<group>"; };
		A1000001101A0098 /* MacScenes.swift */ = {isa = PBXFileReference; lastKnownFileType = sourcecode.swift; path = MacScenes.swift; sourceTree = "<group>"; };
		A1000001101A0099 /* MobileScene.swift */ = {isa = PBXFileReference; lastKnownFileType = sourcecode.swift; path = MobileScene.swift; sourceTree = "<group>"; };
		A1000001101A0100 /* ImmersiveView.swift */ = {isa = PBXFileReference; lastKnownFileType = sourcecode.swift; path = ImmersiveView.swift; sourceTree = "<group>"; };
		A1000001101A0101 /* CommandPanelViews.swift */ = {isa = PBXFileReference; lastKnownFileType = sourcecode.swift; path = CommandPanelViews.swift; sourceTree = "<group>"; };
		A1000001101A0102 /* CommandCenterView.swift */ = {isa = PBXFileReference; lastKnownFileType = sourcecode.swift; path = CommandCenterView.swift; sourceTree = "<group>"; };
		A1000001101A0103 /* TaskSkill.swift */ = {isa = PBXFileReference; lastKnownFileType = sourcecode.swift; path = TaskSkill.swift; sourceTree = "<group>"; };
		A1000001101A0104 /* SkillManager.swift */ = {isa = PBXFileReference; lastKnownFileType = sourcecode.swift; path = SkillManager.swift; sourceTree = "<group>"; };
		A1000001101A0110 /* EmptyStateView.swift */ = {isa = PBXFileReference; lastKnownFileType = sourcecode.swift; path = EmptyStateView.swift; sourceTree = "<group>"; };
		A1000001101A0111 /* TaskUndoManager.swift */ = {isa = PBXFileReference; lastKnownFileType = sourcecode.swift; path = TaskUndoManager.swift; sourceTree = "<group>"; };
		A1000001101A0112 /* TasksSceneView.swift */ = {isa = PBXFileReference; lastKnownFileType = sourcecode.swift; path = TasksSceneView.swift; sourceTree = "<group>"; };
		A1000001101A0113 /* AIProvider.swift */ = {isa = PBXFileReference; lastKnownFileType = sourcecode.swift; path = AIProvider.swift; sourceTree = "<group>"; };
		A1000001101A0114 /* TasksSceneViewModel.swift */ = {isa = PBXFileReference; lastKnownFileType = sourcecode.swift; path = TasksSceneViewModel.swift; sourceTree = "<group>"; };
		A1000001101A0115 /* TasksSceneViewModelTests.swift */ = {isa = PBXFileReference; lastKnownFileType = sourcecode.swift; path = TasksSceneViewModelTests.swift; sourceTree = "<group>"; };
		A1000001101A0116 /* AIProviderUI.swift */ = {isa = PBXFileReference; lastKnownFileType = sourcecode.swift; path = AIProviderUI.swift; sourceTree = "<group>"; };
		A1000001101A0117 /* TasksTableView.swift */ = {isa = PBXFileReference; lastKnownFileType = sourcecode.swift; path = TasksTableView.swift; sourceTree = "<group>"; };
		A1000001101A0200 /* TaskQueueService.swift */ = {isa = PBXFileReference; lastKnownFileType = sourcecode.swift; path = TaskQueueService.swift; sourceTree = "<group>"; };
		A100000110A10030 /* TaskAssignee.swift */ = {isa = PBXFileReference; lastKnownFileType = sourcecode.swift; path = TaskAssignee.swift; sourceTree = "<group>"; };
		ACF7B9EBCB92787E60FE8BF0 /* SyncIntegrationTests.swift */ = {isa = PBXFileReference; includeInIndex = 1; lastKnownFileType = sourcecode.swift; path = SyncIntegrationTests.swift; sourceTree = "<group>"; };
		BE366A3151FDDA78680EDF0C /* SyncEngineTests.swift */ = {isa = PBXFileReference; includeInIndex = 1; lastKnownFileType = sourcecode.swift; path = SyncEngineTests.swift; sourceTree = "<group>"; };
		C4TERMINSPEC101A0001 /* TerminalInspectorView.swift */ = {isa = PBXFileReference; lastKnownFileType = sourcecode.swift; path = TerminalInspectorView.swift; sourceTree = "<group>"; };
		CE485CA04822282FDD056DFB /* TaskAssignmentCoordinatorTests.swift */ = {isa = PBXFileReference; includeInIndex = 1; lastKnownFileType = sourcecode.swift; path = TaskAssignmentCoordinatorTests.swift; sourceTree = "<group>"; };
		D28E5D714F17DA7A43A0182D /* CostTracker.swift */ = {isa = PBXFileReference; includeInIndex = 1; lastKnownFileType = sourcecode.swift; path = CostTracker.swift; sourceTree = "<group>"; };
		D8B5FC316E3F66406BDA27A3 /* AxelTests.xctest */ = {isa = PBXFileReference; explicitFileType = wrapper.cfbundle; includeInIndex = 0; path = AxelTests.xctest; sourceTree = BUILT_PRODUCTS_DIR; };
/* End PBXFileReference section */

/* Begin PBXFileSystemSynchronizedRootGroup section */
		43E774732F298D900093DEC6 /* AxelUITests */ = {isa = PBXFileSystemSynchronizedRootGroup; explicitFileTypes = {}; explicitFolders = (); path = AxelUITests; sourceTree = "<group>"; };
/* End PBXFileSystemSynchronizedRootGroup section */

/* Begin PBXFrameworksBuildPhase section */
		0F23AF57224D9C30EF71514F /* Frameworks */ = {
			isa = PBXFrameworksBuildPhase;
			buildActionMask = 2147483647;
			files = (
				E435BED8E7D96547E09E1C1C /* Cocoa.framework in Frameworks */,
				39E9C6A3C0CAA85B4B8993D8 /* Axel.app in Frameworks */,
			);
			runOnlyForDeploymentPostprocessing = 0;
		};
		43E7746F2F298D900093DEC6 /* Frameworks */ = {
			isa = PBXFrameworksBuildPhase;
			buildActionMask = 2147483647;
			files = (
			);
			runOnlyForDeploymentPostprocessing = 0;
		};
		A1000001301A0001 /* Frameworks */ = {
			isa = PBXFrameworksBuildPhase;
			buildActionMask = 2147483647;
			files = (
				43BD82732F1D63F40092A96C /* AutomergeWrapper in Frameworks */,
				43BD82722F1D63F40092A96C /* Supabase in Frameworks */,
				43BD82752F1D63F50092A96C /* SwiftTermWrapper in Frameworks */,
				43BD82802F1D70000092A96C /* Sparkle in Frameworks */,
			);
			runOnlyForDeploymentPostprocessing = 0;
		};
/* End PBXFrameworksBuildPhase section */

/* Begin PBXGroup section */
		2120377B4FD59EFFD3758AFA /* OS X */ = {
			isa = PBXGroup;
			children = (
				23797E4E4415996BCCFE8E45 /* Cocoa.framework */,
			);
			name = "OS X";
			sourceTree = "<group>";
		};
		A1000001401A0001 = {
			isa = PBXGroup;
			children = (
				A1000001401A0002 /* Axel */,
				43E774732F298D900093DEC6 /* AxelUITests */,
				A1000001401A0008 /* Frameworks */,
				A1000001401A0003 /* Products */,
				A4E7587943AE89703EFEDD6A /* AxelTests */,
			);
			sourceTree = "<group>";
		};
		A1000001401A0002 /* Axel */ = {
			isa = PBXGroup;
			children = (
				A1000001101A0001 /* AxelApp.swift */,
				A1000001401A0004 /* Models */,
				A1000001401A0005 /* ViewModels */,
				A1000001401A0006 /* Views */,
				A1000001401A0016 /* Platform */,
				A1000001401A0017 /* App */,
				A1000001401A0011 /* Services */,
				A1000001401A0010 /* Supabase */,
				A1000001401A0007 /* Preview Content */,
				A1000001101A0009 /* Assets.xcassets */,
				A1000001101A000A /* Axel.entitlements */,
				43AFE93C2F2C12CE00513889 /* Axel.icon */,
				A1000001101A0051 /* Axel-Bridging-Header.h */,
			);
			path = Axel;
			sourceTree = "<group>";
		};
		A1000001401A0003 /* Products */ = {
			isa = PBXGroup;
			children = (
				A1000001001A0001 /* Axel.app */,
				43E774722F298D900093DEC6 /* AxelUITests.xctest */,
				D8B5FC316E3F66406BDA27A3 /* AxelTests.xctest */,
			);
			name = Products;
			sourceTree = "<group>";
		};
		A1000001401A0004 /* Models */ = {
			isa = PBXGroup;
			children = (
				A1000001101A0021 /* Profile.swift */,
				A1000001101A0022 /* Organization.swift */,
				A1000001101A0023 /* OrganizationMember.swift */,
				A1000001101A0060 /* OrganizationInvitation.swift */,
				A1000001101A0024 /* Workspace.swift */,
				A1000001101A0113 /* AIProvider.swift */,
				A1000001101A0003 /* Task.swift */,
				A1000001101A0025 /* TaskComment.swift */,
				A1000001101A0026 /* TaskAttachment.swift */,
				A1000001101A0027 /* Terminal.swift */,
				A1000001101A0028 /* TaskDispatch.swift */,
				A1000001101A0029 /* Hint.swift */,
				A100000110A10030 /* TaskAssignee.swift */,
				A1000001101A0012 /* Skill.swift */,
				A1000001101A0103 /* TaskSkill.swift */,
				A1000001101A0104 /* SkillManager.swift */,
				A1000001101A0014 /* Context.swift */,
				A1000001101A0040 /* InboxEvent.swift */,
				A1000001101A0043 /* TaskMetrics.swift */,
			);
			path = Models;
			sourceTree = "<group>";
		};
		A1000001401A0005 /* ViewModels */ = {
			isa = PBXGroup;
			children = (
				A1000001101A0004 /* TodoViewModel.swift */,
				A1000001101A0114 /* TasksSceneViewModel.swift */,
			);
			path = ViewModels;
			sourceTree = "<group>";
		};
		A1000001401A0006 /* Views */ = {
			isa = PBXGroup;
			children = (
				A1000001101A0002 /* ContentView.swift */,
				A1000001401A0012 /* Shared */,
				A1000001401A0013 /* macOS */,
				A1000001401A0014 /* iOS */,
				A1000001401A0015 /* visionOS */,
			);
			path = Views;
			sourceTree = "<group>";
		};
		A1000001401A0007 /* Preview Content */ = {
			isa = PBXGroup;
			children = (
				A1000001101A0008 /* PreviewContainer.swift */,
			);
			path = "Preview Content";
			sourceTree = "<group>";
		};
		A1000001401A0008 /* Frameworks */ = {
			isa = PBXGroup;
			children = (
				2120377B4FD59EFFD3758AFA /* OS X */,
			);
			name = Frameworks;
			sourceTree = "<group>";
		};
		A1000001401A0010 /* Supabase */ = {
			isa = PBXGroup;
			children = (
				A1000001101A0017 /* SupabaseConfig.swift */,
				A1000001101A0018 /* SyncModels.swift */,
				A1000001101A0019 /* SyncService.swift */,
				A1000001101A001A /* AuthService.swift */,
			);
			path = Supabase;
			sourceTree = "<group>";
		};
		A1000001401A0011 /* Services */ = {
			isa = PBXGroup;
			children = (
				A1000001101A0045 /* AutomergeStore.swift */,
				A1000001101A0046 /* AutomergeSchemas.swift */,
				A1000001101A0041 /* InboxService.swift */,
				6238124A78A2C3A74FCFEDBB /* WorktreeService.swift */,
				A1000001101A0200 /* TaskQueueService.swift */,
				A1000001101A0047 /* WorkspaceContainerManager.swift */,
				D28E5D714F17DA7A43A0182D /* CostTracker.swift */,
				9C177CAE09A36E267719D856 /* SessionStatusService.swift */,
				A1000001101A0111 /* TaskUndoManager.swift */,
				0178D0EB98540F719EB6D5CE /* TaskAssignmentCoordinator.swift */,
			);
			path = Services;
			sourceTree = "<group>";
		};
		A1000001401A0012 /* Shared */ = {
			isa = PBXGroup;
			children = (
				A1000001101A0094 /* NavigationTypes.swift */,
				A1000001101A0110 /* EmptyStateView.swift */,
				A1000001101A0116 /* AIProviderUI.swift */,
				A1000001101A0013 /* SkillsView.swift */,
				A1000001101A0015 /* ContextView.swift */,
				A1000001101A0042 /* InboxView.swift */,
				A1000001101A0081 /* InboxCardStackView.swift */,
				A1000001101A0044 /* DiffView.swift */,
				A1000001101A0061 /* TeamView.swift */,
				A1000001101A0080 /* SwipeableCardView.swift */,
				A1000001101A0082 /* PermissionCardContent.swift */,
				A1000001101A0084 /* SwipeCardsKit.swift */,
			);
			path = Shared;
			sourceTree = "<group>";
		};
		A1000001401A0013 /* macOS */ = {
			isa = PBXGroup;
			children = (
				A1000001101A0093 /* KeyboardShortcuts.swift */,
				A1000001101A0097 /* MacHelpers.swift */,
				A1000001101A0016 /* RunningView.swift */,
				C4TERMINSPEC101A0001 /* TerminalInspectorView.swift */,
				A1000001101A0031 /* WorkspacePickerView.swift */,
				A1000001101A0032 /* WorkspaceWindowView.swift */,
				A1000001101A0033 /* WorkspaceContentView.swift */,
				A1000001101A0112 /* TasksSceneView.swift */,
				A1000001101A0117 /* TasksTableView.swift */,
				A1000001101A0070 /* SimpleTerminalView.swift */,
				A1000001401A001A /* Terminal */,
			);
			path = macOS;
			sourceTree = "<group>";
		};
		A1000001401A0014 /* iOS */ = {
			isa = PBXGroup;
			children = (
				A1000001101A0095 /* IOSContentView.swift */,
				A1000001101A0083 /* iPhoneInboxCardStackView.swift */,
			);
			path = iOS;
			sourceTree = "<group>";
		};
		A1000001401A0015 /* visionOS */ = {
			isa = PBXGroup;
			children = (
				A1000001101A0096 /* VisionContentView.swift */,
				A1000001101A0100 /* ImmersiveView.swift */,
				A1000001101A0101 /* CommandPanelViews.swift */,
				A1000001101A0102 /* CommandCenterView.swift */,
			);
			path = visionOS;
			sourceTree = "<group>";
		};
		A1000001401A0016 /* Platform */ = {
			isa = PBXGroup;
			children = (
				A1000001101A0090 /* URLOpening.swift */,
				A1000001101A0091 /* SyncMode.swift */,
				A1000001101A0092 /* PlatformServices.swift */,
			);
			path = Platform;
			sourceTree = "<group>";
		};
		A1000001401A0017 /* App */ = {
			isa = PBXGroup;
			children = (
				A1000001401A0018 /* macOS */,
				A1000001401A0019 /* iOS */,
			);
			path = App;
			sourceTree = "<group>";
		};
		A1000001401A0018 /* macOS */ = {
			isa = PBXGroup;
			children = (
				A1000001101A0098 /* MacScenes.swift */,
			);
			path = macOS;
			sourceTree = "<group>";
		};
		A1000001401A0019 /* iOS */ = {
			isa = PBXGroup;
			children = (
				A1000001101A0099 /* MobileScene.swift */,
			);
			path = iOS;
			sourceTree = "<group>";
		};
		A1000001401A001A /* Terminal */ = {
			isa = PBXGroup;
			children = (
				A1000001101A0010 /* TerminalPanelView.swift */,
				A1000001101A0011 /* SwiftTermWrapper.swift */,
			);
			path = Terminal;
			sourceTree = "<group>";
		};
		A4E7587943AE89703EFEDD6A /* AxelTests */ = {
			isa = PBXGroup;
			children = (
				04E9C8657F1187F40A1EC1DB /* AutomergeModelTests.swift */,
				BE366A3151FDDA78680EDF0C /* SyncEngineTests.swift */,
				ACF7B9EBCB92787E60FE8BF0 /* SyncIntegrationTests.swift */,
				CE485CA04822282FDD056DFB /* TaskAssignmentCoordinatorTests.swift */,
				A1000001101A0115 /* TasksSceneViewModelTests.swift */,
			);
			path = AxelTests;
			sourceTree = SOURCE_ROOT;
		};
/* End PBXGroup section */

/* Begin PBXNativeTarget section */
		43E774712F298D900093DEC6 /* AxelUITests */ = {
			isa = PBXNativeTarget;
			buildConfigurationList = 43E7747C2F298D900093DEC6 /* Build configuration list for PBXNativeTarget "AxelUITests" */;
			buildPhases = (
				43E7746E2F298D900093DEC6 /* Sources */,
				43E7746F2F298D900093DEC6 /* Frameworks */,
				43E774702F298D900093DEC6 /* Resources */,
			);
			buildRules = (
			);
			dependencies = (
				43E774792F298D900093DEC6 /* PBXTargetDependency */,
			);
			fileSystemSynchronizedGroups = (
				43E774732F298D900093DEC6 /* AxelUITests */,
			);
			name = AxelUITests;
			productName = AxelUITests;
			productReference = 43E774722F298D900093DEC6 /* AxelUITests.xctest */;
			productType = "com.apple.product-type.bundle.ui-testing";
		};
		A03D3B65785484753F934B90 /* AxelTests */ = {
			isa = PBXNativeTarget;
			buildConfigurationList = 49A203A186B0637D51006780 /* Build configuration list for PBXNativeTarget "AxelTests" */;
			buildPhases = (
				F4A22F82AADCDAD11DDCD29C /* Sources */,
				0F23AF57224D9C30EF71514F /* Frameworks */,
				47D20FC29DA296E400EF03A1 /* Resources */,
			);
			buildRules = (
			);
			dependencies = (
				83C59F130BBD06AE3834E3C5 /* PBXTargetDependency */,
			);
			name = AxelTests;
			productName = AxelTests;
			productReference = D8B5FC316E3F66406BDA27A3 /* AxelTests.xctest */;
			productType = "com.apple.product-type.bundle.unit-test";
		};
		A1000001501A0001 /* Axel */ = {
			isa = PBXNativeTarget;
			buildConfigurationList = A1000001601A0001 /* Build configuration list for PBXNativeTarget "Axel" */;
			buildPhases = (
				A1000001501A0002 /* Sources */,
				A1000001301A0001 /* Frameworks */,
				A1000001501A0003 /* Resources */,
				A1000001301A0010 /* Embed Frameworks */,
			);
			buildRules = (
			);
			dependencies = (
			);
			name = Axel;
			productName = Axel;
			productReference = A1000001001A0001 /* Axel.app */;
			productType = "com.apple.product-type.application";
		};
/* End PBXNativeTarget section */

/* Begin PBXProject section */
		A1000001701A0001 /* Project object */ = {
			isa = PBXProject;
			attributes = {
				BuildIndependentTargetsInParallel = 1;
				LastSwiftUpdateCheck = 2600;
				LastUpgradeCheck = 1500;
				TargetAttributes = {
					43E774712F298D900093DEC6 = {
						CreatedOnToolsVersion = 26.0;
						TestTargetID = A1000001501A0001;
					};
					A1000001501A0001 = {
						CreatedOnToolsVersion = 15.0;
					};
				};
			};
			buildConfigurationList = A1000001601A0002 /* Build configuration list for PBXProject "Axel" */;
			compatibilityVersion = "Xcode 14.0";
			developmentRegion = en;
			hasScannedForEncodings = 0;
			knownRegions = (
				en,
				Base,
			);
			mainGroup = A1000001401A0001;
			packageReferences = (
				43BD82762F1D5F650092A96C /* XCLocalSwiftPackageReference "Packages/AutomergeWrapper" */,
				43BD82702F1D5F650092A96C /* XCRemoteSwiftPackageReference "supabase-swift" */,
				43BD82792F1D63F60092A96C /* XCLocalSwiftPackageReference "Packages/SwiftTermWrapper" */,
				43BD827E2F1D70000092A96C /* XCRemoteSwiftPackageReference "Sparkle" */,
			);
			productRefGroup = A1000001401A0003 /* Products */;
			projectDirPath = "";
			projectRoot = "";
			targets = (
				A1000001501A0001 /* Axel */,
				43E774712F298D900093DEC6 /* AxelUITests */,
				A03D3B65785484753F934B90 /* AxelTests */,
			);
		};
/* End PBXProject section */

/* Begin PBXResourcesBuildPhase section */
		43E774702F298D900093DEC6 /* Resources */ = {
			isa = PBXResourcesBuildPhase;
			buildActionMask = 2147483647;
			files = (
			);
			runOnlyForDeploymentPostprocessing = 0;
		};
		47D20FC29DA296E400EF03A1 /* Resources */ = {
			isa = PBXResourcesBuildPhase;
			buildActionMask = 2147483647;
			files = (
			);
			runOnlyForDeploymentPostprocessing = 0;
		};
		A1000001501A0003 /* Resources */ = {
			isa = PBXResourcesBuildPhase;
			buildActionMask = 2147483647;
			files = (
				43AFE93D2F2C12CE00513889 /* Axel.icon in Resources */,
				A1000001201A0009 /* Assets.xcassets in Resources */,
			);
			runOnlyForDeploymentPostprocessing = 0;
		};
/* End PBXResourcesBuildPhase section */

/* Begin PBXSourcesBuildPhase section */
		43E7746E2F298D900093DEC6 /* Sources */ = {
			isa = PBXSourcesBuildPhase;
			buildActionMask = 2147483647;
			files = (
			);
			runOnlyForDeploymentPostprocessing = 0;
		};
		A1000001501A0002 /* Sources */ = {
			isa = PBXSourcesBuildPhase;
			buildActionMask = 2147483647;
			files = (
				A1000001201A0001 /* AxelApp.swift in Sources */,
				A1000001201A0002 /* ContentView.swift in Sources */,
				A1000001201A0113 /* AIProvider.swift in Sources */,
				A1000001201A0003 /* Task.swift in Sources */,
				A1000001201A0021 /* Profile.swift in Sources */,
				A1000001201A0022 /* Organization.swift in Sources */,
				A1000001201A0023 /* OrganizationMember.swift in Sources */,
				A1000001201A0060 /* OrganizationInvitation.swift in Sources */,
				A1000001201A0024 /* Workspace.swift in Sources */,
				A1000001201A0025 /* TaskComment.swift in Sources */,
				A1000001201A0026 /* TaskAttachment.swift in Sources */,
				A1000001201A0027 /* Terminal.swift in Sources */,
				A1000001201A0028 /* TaskDispatch.swift in Sources */,
				A1000001201A0029 /* Hint.swift in Sources */,
				A100000120A10030 /* TaskAssignee.swift in Sources */,
				A1000001201A0004 /* TodoViewModel.swift in Sources */,
				A1000001201A0114 /* TasksSceneViewModel.swift in Sources */,
				A1000001201A0008 /* PreviewContainer.swift in Sources */,
				A1000001201A0010 /* TerminalPanelView.swift in Sources */,
				A1000001201A0011 /* SwiftTermWrapper.swift in Sources */,
				A1000001201A0012 /* Skill.swift in Sources */,
				A1000001201A0103 /* TaskSkill.swift in Sources */,
				A1000001201A0104 /* SkillManager.swift in Sources */,
				A1000001201A0013 /* SkillsView.swift in Sources */,
				A1000001201A0014 /* Context.swift in Sources */,
				A1000001201A0015 /* ContextView.swift in Sources */,
				A1000001201A0016 /* RunningView.swift in Sources */,
				C4TERMINSPEC201A0001 /* TerminalInspectorView.swift in Sources */,
				A1000001201A0017 /* SupabaseConfig.swift in Sources */,
				A1000001201A0018 /* SyncModels.swift in Sources */,
				A1000001201A0019 /* SyncService.swift in Sources */,
				A1000001201A001A /* AuthService.swift in Sources */,
				A1000001201A0031 /* WorkspacePickerView.swift in Sources */,
				A1000001201A0032 /* WorkspaceWindowView.swift in Sources */,
				A1000001201A0033 /* WorkspaceContentView.swift in Sources */,
				A1000001201A0040 /* InboxEvent.swift in Sources */,
				A1000001201A0041 /* InboxService.swift in Sources */,
				1A7D6291EFA4D08B52E90928 /* WorktreeService.swift in Sources */,
				A1000001201A0200 /* TaskQueueService.swift in Sources */,
				A1000001201A0045 /* AutomergeStore.swift in Sources */,
				A1000001201A0047 /* WorkspaceContainerManager.swift in Sources */,
				A1000001201A0046 /* AutomergeSchemas.swift in Sources */,
				A1000001201A0042 /* InboxView.swift in Sources */,
				A1000001201A0043 /* TaskMetrics.swift in Sources */,
				A1000001201A0044 /* DiffView.swift in Sources */,
				A1000001201A0110 /* EmptyStateView.swift in Sources */,
				A1000001201A0061 /* TeamView.swift in Sources */,
				A1000001201A0070 /* SimpleTerminalView.swift in Sources */,
				A1000001201A0080 /* SwipeableCardView.swift in Sources */,
				A1000001201A0081 /* InboxCardStackView.swift in Sources */,
				A1000001201A0082 /* PermissionCardContent.swift in Sources */,
				A1000001201A0083 /* iPhoneInboxCardStackView.swift in Sources */,
				A1000001201A0084 /* SwipeCardsKit.swift in Sources */,
				A1000001201A0090 /* URLOpening.swift in Sources */,
				A1000001201A0091 /* SyncMode.swift in Sources */,
				A1000001201A0092 /* PlatformServices.swift in Sources */,
				A1000001201A0093 /* KeyboardShortcuts.swift in Sources */,
				A1000001201A0094 /* NavigationTypes.swift in Sources */,
				A1000001201A0116 /* AIProviderUI.swift in Sources */,
				A1000001201A0095 /* IOSContentView.swift in Sources */,
				A1000001201A0096 /* VisionContentView.swift in Sources */,
				A1000001201A0097 /* MacHelpers.swift in Sources */,
				A1000001201A0098 /* MacScenes.swift in Sources */,
				A1000001201A0099 /* MobileScene.swift in Sources */,
				A1000001201A0100 /* ImmersiveView.swift in Sources */,
				A1000001201A0101 /* CommandPanelViews.swift in Sources */,
				A1000001201A0102 /* CommandCenterView.swift in Sources */,
				0C9C9A37C0FF97B7DA4B0AA1 /* CostTracker.swift in Sources */,
				B81242E637B124591F5B7B93 /* SessionStatusService.swift in Sources */,
				A1000001201A0111 /* TaskUndoManager.swift in Sources */,
				A1000001201A0112 /* TasksSceneView.swift in Sources */,
				A1000001201A0117 /* TasksTableView.swift in Sources */,
				18772BF65693156AC43F75D2 /* TaskAssignmentCoordinator.swift in Sources */,
			);
			runOnlyForDeploymentPostprocessing = 0;
		};
		F4A22F82AADCDAD11DDCD29C /* Sources */ = {
			isa = PBXSourcesBuildPhase;
			buildActionMask = 2147483647;
			files = (
				AE133ED0512C6A98BDE08952 /* AutomergeModelTests.swift in Sources */,
				3724AAF9F7B57FC2766507ED /* SyncEngineTests.swift in Sources */,
				BAF581097CA2F8F7B7EBBCB1 /* SyncIntegrationTests.swift in Sources */,
				224F4D7EECEE1287AF701CE6 /* TaskAssignmentCoordinatorTests.swift in Sources */,
				A1000001201A0115 /* TasksSceneViewModelTests.swift in Sources */,
			);
			runOnlyForDeploymentPostprocessing = 0;
		};
/* End PBXSourcesBuildPhase section */

/* Begin PBXTargetDependency section */
		43E774792F298D900093DEC6 /* PBXTargetDependency */ = {
			isa = PBXTargetDependency;
			target = A1000001501A0001 /* Axel */;
			targetProxy = 43E774782F298D900093DEC6 /* PBXContainerItemProxy */;
		};
		83C59F130BBD06AE3834E3C5 /* PBXTargetDependency */ = {
			isa = PBXTargetDependency;
			name = Axel;
			target = A1000001501A0001 /* Axel */;
			targetProxy = 54BCE5588AC4C28939B99617 /* PBXContainerItemProxy */;
		};
/* End PBXTargetDependency section */

/* Begin XCBuildConfiguration section */
		43E7747A2F298D900093DEC6 /* Debug */ = {
			isa = XCBuildConfiguration;
			buildSettings = {
				CODE_SIGN_STYLE = Automatic;
				CURRENT_PROJECT_VERSION = 1;
				DEVELOPMENT_TEAM = 8ZJ55A62XN;
				GENERATE_INFOPLIST_FILE = YES;
				IPHONEOS_DEPLOYMENT_TARGET = 26.0;
				MARKETING_VERSION = 0.1.4;
				PRODUCT_BUNDLE_IDENTIFIER = md.axel.AxelUITests;
				PRODUCT_NAME = "$(TARGET_NAME)";
				SDKROOT = iphoneos;
				STRING_CATALOG_GENERATE_SYMBOLS = NO;
				SWIFT_APPROACHABLE_CONCURRENCY = YES;
				SWIFT_EMIT_LOC_STRINGS = NO;
				SWIFT_UPCOMING_FEATURE_MEMBER_IMPORT_VISIBILITY = YES;
				SWIFT_VERSION = 5.0;
				TARGETED_DEVICE_FAMILY = "1,2";
				TEST_TARGET_NAME = Axel;
			};
			name = Debug;
		};
		43E7747B2F298D900093DEC6 /* Release */ = {
			isa = XCBuildConfiguration;
			buildSettings = {
				CODE_SIGN_STYLE = Automatic;
				CURRENT_PROJECT_VERSION = 1;
				DEVELOPMENT_TEAM = 8ZJ55A62XN;
				GENERATE_INFOPLIST_FILE = YES;
				IPHONEOS_DEPLOYMENT_TARGET = 26.0;
				MARKETING_VERSION = 0.1.4;
				PRODUCT_BUNDLE_IDENTIFIER = md.axel.AxelUITests;
				PRODUCT_NAME = "$(TARGET_NAME)";
				SDKROOT = iphoneos;
				STRING_CATALOG_GENERATE_SYMBOLS = NO;
				SWIFT_APPROACHABLE_CONCURRENCY = YES;
				SWIFT_EMIT_LOC_STRINGS = NO;
				SWIFT_UPCOMING_FEATURE_MEMBER_IMPORT_VISIBILITY = YES;
				SWIFT_VERSION = 5.0;
				TARGETED_DEVICE_FAMILY = "1,2";
				TEST_TARGET_NAME = Axel;
				VALIDATE_PRODUCT = YES;
			};
			name = Release;
		};
		66EF590401962EDFDAE3B404 /* Debug */ = {
			isa = XCBuildConfiguration;
			buildSettings = {
				ALWAYS_EMBED_SWIFT_STANDARD_LIBRARIES = YES;
				BUNDLE_LOADER = "$(TEST_HOST)";
				CODE_SIGN_STYLE = Automatic;
				DEVELOPMENT_TEAM = 8ZJ55A62XN;
				GENERATE_INFOPLIST_FILE = YES;
				INFOPLIST_FILE = "";
				LD_RUNPATH_SEARCH_PATHS = (
					"$(inherited)",
					"@executable_path/../Frameworks",
					"@loader_path/../Frameworks",
				);
				MACOSX_DEPLOYMENT_TARGET = 15.6;
				MARKETING_VERSION = 0.1.4;
				PRODUCT_BUNDLE_IDENTIFIER = com.axel.AxelTests;
				PRODUCT_MODULE_NAME = AxelTests;
				PRODUCT_NAME = "$(TARGET_NAME)";
				SDKROOT = macosx;
				SWIFT_ACTIVE_COMPILATION_CONDITIONS = DEBUG;
				SWIFT_VERSION = 5.0;
				TEST_HOST = "$(BUILT_PRODUCTS_DIR)/Axel.app/Contents/MacOS/Axel";
			};
			name = Debug;
		};
		789D0BFF36B08084C135C1A3 /* Release */ = {
			isa = XCBuildConfiguration;
			buildSettings = {
				ALWAYS_EMBED_SWIFT_STANDARD_LIBRARIES = YES;
				BUNDLE_LOADER = "$(TEST_HOST)";
				CODE_SIGN_STYLE = Automatic;
				DEVELOPMENT_TEAM = 8ZJ55A62XN;
				GENERATE_INFOPLIST_FILE = YES;
				INFOPLIST_FILE = "";
				LD_RUNPATH_SEARCH_PATHS = (
					"$(inherited)",
					"@executable_path/../Frameworks",
					"@loader_path/../Frameworks",
				);
				MACOSX_DEPLOYMENT_TARGET = 15.6;
				MARKETING_VERSION = 0.1.4;
				PRODUCT_BUNDLE_IDENTIFIER = com.axel.AxelTests;
				PRODUCT_MODULE_NAME = AxelTests;
				PRODUCT_NAME = "$(TARGET_NAME)";
				SDKROOT = macosx;
				SWIFT_ACTIVE_COMPILATION_CONDITIONS = DEBUG;
				SWIFT_VERSION = 5.0;
				TEST_HOST = "$(BUILT_PRODUCTS_DIR)/Axel.app/Contents/MacOS/Axel";
			};
			name = Release;
		};
		A1000001801A0001 /* Debug */ = {
			isa = XCBuildConfiguration;
			buildSettings = {
				ALWAYS_SEARCH_USER_PATHS = NO;
				ASSETCATALOG_COMPILER_GENERATE_SWIFT_ASSET_SYMBOL_EXTENSIONS = YES;
				CLANG_ANALYZER_NONNULL = YES;
				CLANG_ANALYZER_NUMBER_OBJECT_CONVERSION = YES_AGGRESSIVE;
				CLANG_CXX_LANGUAGE_STANDARD = "gnu++20";
				CLANG_ENABLE_MODULES = YES;
				CLANG_ENABLE_OBJC_ARC = YES;
				CLANG_ENABLE_OBJC_WEAK = YES;
				CLANG_WARN_BLOCK_CAPTURE_AUTORELEASING = YES;
				CLANG_WARN_BOOL_CONVERSION = YES;
				CLANG_WARN_COMMA = YES;
				CLANG_WARN_CONSTANT_CONVERSION = YES;
				CLANG_WARN_DEPRECATED_OBJC_IMPLEMENTATIONS = YES;
				CLANG_WARN_DIRECT_OBJC_ISA_USAGE = YES_ERROR;
				CLANG_WARN_DOCUMENTATION_COMMENTS = YES;
				CLANG_WARN_EMPTY_BODY = YES;
				CLANG_WARN_ENUM_CONVERSION = YES;
				CLANG_WARN_INFINITE_RECURSION = YES;
				CLANG_WARN_INT_CONVERSION = YES;
				CLANG_WARN_NON_LITERAL_NULL_CONVERSION = YES;
				CLANG_WARN_OBJC_IMPLICIT_RETAIN_SELF = YES;
				CLANG_WARN_OBJC_LITERAL_CONVERSION = YES;
				CLANG_WARN_OBJC_ROOT_CLASS = YES_ERROR;
				CLANG_WARN_QUOTED_INCLUDE_IN_FRAMEWORK_HEADER = YES;
				CLANG_WARN_RANGE_LOOP_ANALYSIS = YES;
				CLANG_WARN_STRICT_PROTOTYPES = YES;
				CLANG_WARN_SUSPICIOUS_MOVE = YES;
				CLANG_WARN_UNGUARDED_AVAILABILITY = YES_AGGRESSIVE;
				CLANG_WARN_UNREACHABLE_CODE = YES;
				CLANG_WARN__DUPLICATE_METHOD_MATCH = YES;
				COPY_PHASE_STRIP = NO;
				DEBUG_INFORMATION_FORMAT = dwarf;
				ENABLE_STRICT_OBJC_MSGSEND = YES;
				ENABLE_TESTABILITY = YES;
				ENABLE_USER_SCRIPT_SANDBOXING = YES;
				GCC_C_LANGUAGE_STANDARD = gnu17;
				GCC_DYNAMIC_NO_PIC = NO;
				GCC_NO_COMMON_BLOCKS = YES;
				GCC_OPTIMIZATION_LEVEL = 0;
				GCC_PREPROCESSOR_DEFINITIONS = (
					"DEBUG=1",
					"$(inherited)",
				);
				GCC_WARN_64_TO_32_BIT_CONVERSION = YES;
				GCC_WARN_ABOUT_RETURN_TYPE = YES_ERROR;
				GCC_WARN_UNDECLARED_SELECTOR = YES;
				GCC_WARN_UNINITIALIZED_AUTOS = YES_AGGRESSIVE;
				GCC_WARN_UNUSED_FUNCTION = YES;
				GCC_WARN_UNUSED_VARIABLE = YES;
				IPHONEOS_DEPLOYMENT_TARGET = 17.0;
				LOCALIZATION_PREFERS_STRING_CATALOGS = YES;
				MACOSX_DEPLOYMENT_TARGET = 14.0;
				MARKETING_VERSION = 0.1.0;
				MTL_ENABLE_DEBUG_INFO = INCLUDE_SOURCE;
				MTL_FAST_MATH = YES;
				ONLY_ACTIVE_ARCH = YES;
				SWIFT_ACTIVE_COMPILATION_CONDITIONS = "DEBUG $(inherited)";
				SWIFT_OPTIMIZATION_LEVEL = "-Onone";
			};
			name = Debug;
		};
		A1000001801A0002 /* Release */ = {
			isa = XCBuildConfiguration;
			buildSettings = {
				ALWAYS_SEARCH_USER_PATHS = NO;
				ASSETCATALOG_COMPILER_GENERATE_SWIFT_ASSET_SYMBOL_EXTENSIONS = YES;
				CLANG_ANALYZER_NONNULL = YES;
				CLANG_ANALYZER_NUMBER_OBJECT_CONVERSION = YES_AGGRESSIVE;
				CLANG_CXX_LANGUAGE_STANDARD = "gnu++20";
				CLANG_ENABLE_MODULES = YES;
				CLANG_ENABLE_OBJC_ARC = YES;
				CLANG_ENABLE_OBJC_WEAK = YES;
				CLANG_WARN_BLOCK_CAPTURE_AUTORELEASING = YES;
				CLANG_WARN_BOOL_CONVERSION = YES;
				CLANG_WARN_COMMA = YES;
				CLANG_WARN_CONSTANT_CONVERSION = YES;
				CLANG_WARN_DEPRECATED_OBJC_IMPLEMENTATIONS = YES;
				CLANG_WARN_DIRECT_OBJC_ISA_USAGE = YES_ERROR;
				CLANG_WARN_DOCUMENTATION_COMMENTS = YES;
				CLANG_WARN_EMPTY_BODY = YES;
				CLANG_WARN_ENUM_CONVERSION = YES;
				CLANG_WARN_INFINITE_RECURSION = YES;
				CLANG_WARN_INT_CONVERSION = YES;
				CLANG_WARN_NON_LITERAL_NULL_CONVERSION = YES;
				CLANG_WARN_OBJC_IMPLICIT_RETAIN_SELF = YES;
				CLANG_WARN_OBJC_LITERAL_CONVERSION = YES;
				CLANG_WARN_OBJC_ROOT_CLASS = YES_ERROR;
				CLANG_WARN_QUOTED_INCLUDE_IN_FRAMEWORK_HEADER = YES;
				CLANG_WARN_RANGE_LOOP_ANALYSIS = YES;
				CLANG_WARN_STRICT_PROTOTYPES = YES;
				CLANG_WARN_SUSPICIOUS_MOVE = YES;
				CLANG_WARN_UNGUARDED_AVAILABILITY = YES_AGGRESSIVE;
				CLANG_WARN_UNREACHABLE_CODE = YES;
				CLANG_WARN__DUPLICATE_METHOD_MATCH = YES;
				COPY_PHASE_STRIP = NO;
				DEBUG_INFORMATION_FORMAT = "dwarf-with-dsym";
				ENABLE_NS_ASSERTIONS = NO;
				ENABLE_STRICT_OBJC_MSGSEND = YES;
				ENABLE_USER_SCRIPT_SANDBOXING = YES;
				GCC_C_LANGUAGE_STANDARD = gnu17;
				GCC_NO_COMMON_BLOCKS = YES;
				GCC_WARN_64_TO_32_BIT_CONVERSION = YES;
				GCC_WARN_ABOUT_RETURN_TYPE = YES_ERROR;
				GCC_WARN_UNDECLARED_SELECTOR = YES;
				GCC_WARN_UNINITIALIZED_AUTOS = YES_AGGRESSIVE;
				GCC_WARN_UNUSED_FUNCTION = YES;
				GCC_WARN_UNUSED_VARIABLE = YES;
				IPHONEOS_DEPLOYMENT_TARGET = 17.0;
				LOCALIZATION_PREFERS_STRING_CATALOGS = YES;
				MACOSX_DEPLOYMENT_TARGET = 14.0;
				MARKETING_VERSION = 0.1.0;
				MTL_ENABLE_DEBUG_INFO = NO;
				MTL_FAST_MATH = YES;
				SWIFT_COMPILATION_MODE = wholemodule;
			};
			name = Release;
		};
		A1000001801A0003 /* Debug */ = {
			isa = XCBuildConfiguration;
			buildSettings = {
				ASSETCATALOG_COMPILER_APPICON_NAME = Axel;
				ASSETCATALOG_COMPILER_GLOBAL_ACCENT_COLOR_NAME = AccentColor;
				CODE_SIGN_ENTITLEMENTS = Axel/Axel.entitlements;
				CODE_SIGN_STYLE = Automatic;
				CURRENT_PROJECT_VERSION = 2;
				DEVELOPMENT_ASSET_PATHS = "\"Axel/Preview Content\"";
				DEVELOPMENT_TEAM = 8ZJ55A62XN;
				ENABLE_PREVIEWS = YES;
				GENERATE_INFOPLIST_FILE = YES;
				INFOPLIST_FILE = Axel/Info.plist;
				INFOPLIST_KEY_CFBundleDisplayName = Axel;
				INFOPLIST_KEY_LSApplicationCategoryType = "public.app-category.productivity";
				INFOPLIST_KEY_UIApplicationSceneManifest_Generation = YES;
				"INFOPLIST_KEY_UIApplicationSceneManifest_Generation[sdk=iphoneos*]" = YES;
				"INFOPLIST_KEY_UIApplicationSceneManifest_Generation[sdk=iphonesimulator*]" = YES;
				INFOPLIST_KEY_UIApplicationSupportsIndirectInputEvents = YES;
				INFOPLIST_KEY_UILaunchScreen_Generation = YES;
				"INFOPLIST_KEY_UILaunchScreen_Generation[sdk=iphoneos*]" = YES;
				"INFOPLIST_KEY_UILaunchScreen_Generation[sdk=iphonesimulator*]" = YES;
				"INFOPLIST_KEY_UIStatusBarStyle[sdk=iphoneos*]" = UIStatusBarStyleDefault;
				"INFOPLIST_KEY_UIStatusBarStyle[sdk=iphonesimulator*]" = UIStatusBarStyleDefault;
				INFOPLIST_KEY_UISupportedInterfaceOrientations_iPad = "UIInterfaceOrientationPortrait UIInterfaceOrientationPortraitUpsideDown UIInterfaceOrientationLandscapeLeft UIInterfaceOrientationLandscapeRight";
				INFOPLIST_KEY_UISupportedInterfaceOrientations_iPhone = "UIInterfaceOrientationPortrait UIInterfaceOrientationLandscapeLeft UIInterfaceOrientationLandscapeRight";
				LD_RUNPATH_SEARCH_PATHS = (
					"$(inherited)",
					"@executable_path/../Frameworks",
				);
				"LD_RUNPATH_SEARCH_PATHS[sdk=iphoneos*]" = (
					"$(inherited)",
					"@executable_path/Frameworks",
				);
				"LD_RUNPATH_SEARCH_PATHS[sdk=iphonesimulator*]" = (
					"$(inherited)",
					"@executable_path/Frameworks",
				);
				MACOSX_DEPLOYMENT_TARGET = 15.6;
				MARKETING_VERSION = 0.1.4;
				PRODUCT_BUNDLE_IDENTIFIER = md.axel.Axel;
				PRODUCT_NAME = "$(TARGET_NAME)";
				SDKROOT = auto;
				SUPPORTED_PLATFORMS = "iphoneos iphonesimulator macosx xros xrsimulator";
				SUPPORTS_MACCATALYST = NO;
				SWIFT_EMIT_LOC_STRINGS = YES;
				"SWIFT_OBJC_BRIDGING_HEADER[sdk=macosx*]" = "Axel/Axel-Bridging-Header.h";
				SWIFT_VERSION = 5.0;
				TARGETED_DEVICE_FAMILY = "1,2,7";
				XROS_DEPLOYMENT_TARGET = 2.0;
			};
			name = Debug;
		};
		A1000001801A0004 /* Release */ = {
			isa = XCBuildConfiguration;
			buildSettings = {
				ASSETCATALOG_COMPILER_APPICON_NAME = Axel;
				ASSETCATALOG_COMPILER_GLOBAL_ACCENT_COLOR_NAME = AccentColor;
				CODE_SIGN_ENTITLEMENTS = Axel/Axel.entitlements;
				CODE_SIGN_STYLE = Automatic;
				CURRENT_PROJECT_VERSION = 2;
				DEVELOPMENT_ASSET_PATHS = "\"Axel/Preview Content\"";
				DEVELOPMENT_TEAM = 8ZJ55A62XN;
				ENABLE_PREVIEWS = YES;
				GENERATE_INFOPLIST_FILE = YES;
				INFOPLIST_FILE = Axel/Info.plist;
				INFOPLIST_KEY_CFBundleDisplayName = Axel;
				INFOPLIST_KEY_LSApplicationCategoryType = "public.app-category.productivity";
				INFOPLIST_KEY_UIApplicationSceneManifest_Generation = YES;
				"INFOPLIST_KEY_UIApplicationSceneManifest_Generation[sdk=iphoneos*]" = YES;
				"INFOPLIST_KEY_UIApplicationSceneManifest_Generation[sdk=iphonesimulator*]" = YES;
				INFOPLIST_KEY_UIApplicationSupportsIndirectInputEvents = YES;
				INFOPLIST_KEY_UILaunchScreen_Generation = YES;
				"INFOPLIST_KEY_UILaunchScreen_Generation[sdk=iphoneos*]" = YES;
				"INFOPLIST_KEY_UILaunchScreen_Generation[sdk=iphonesimulator*]" = YES;
				"INFOPLIST_KEY_UIStatusBarStyle[sdk=iphoneos*]" = UIStatusBarStyleDefault;
				"INFOPLIST_KEY_UIStatusBarStyle[sdk=iphonesimulator*]" = UIStatusBarStyleDefault;
				INFOPLIST_KEY_UISupportedInterfaceOrientations_iPad = "UIInterfaceOrientationPortrait UIInterfaceOrientationPortraitUpsideDown UIInterfaceOrientationLandscapeLeft UIInterfaceOrientationLandscapeRight";
				INFOPLIST_KEY_UISupportedInterfaceOrientations_iPhone = "UIInterfaceOrientationPortrait UIInterfaceOrientationLandscapeLeft UIInterfaceOrientationLandscapeRight";
				LD_RUNPATH_SEARCH_PATHS = (
					"$(inherited)",
					"@executable_path/../Frameworks",
				);
				"LD_RUNPATH_SEARCH_PATHS[sdk=iphoneos*]" = (
					"$(inherited)",
					"@executable_path/Frameworks",
				);
				"LD_RUNPATH_SEARCH_PATHS[sdk=iphonesimulator*]" = (
					"$(inherited)",
					"@executable_path/Frameworks",
				);
				MACOSX_DEPLOYMENT_TARGET = 15.6;
				MARKETING_VERSION = 0.1.4;
				PRODUCT_BUNDLE_IDENTIFIER = md.axel.Axel;
				PRODUCT_NAME = "$(TARGET_NAME)";
				SDKROOT = auto;
				SUPPORTED_PLATFORMS = "iphoneos iphonesimulator macosx xros xrsimulator";
				SUPPORTS_MACCATALYST = NO;
				SWIFT_EMIT_LOC_STRINGS = YES;
				"SWIFT_OBJC_BRIDGING_HEADER[sdk=macosx*]" = "Axel/Axel-Bridging-Header.h";
				SWIFT_VERSION = 5.0;
				TARGETED_DEVICE_FAMILY = "1,2,7";
				XROS_DEPLOYMENT_TARGET = 2.0;
			};
			name = Release;
		};
/* End XCBuildConfiguration section */

/* Begin XCConfigurationList section */
		43E7747C2F298D900093DEC6 /* Build configuration list for PBXNativeTarget "AxelUITests" */ = {
			isa = XCConfigurationList;
			buildConfigurations = (
				43E7747A2F298D900093DEC6 /* Debug */,
				43E7747B2F298D900093DEC6 /* Release */,
			);
			defaultConfigurationIsVisible = 0;
			defaultConfigurationName = Release;
		};
		49A203A186B0637D51006780 /* Build configuration list for PBXNativeTarget "AxelTests" */ = {
			isa = XCConfigurationList;
			buildConfigurations = (
				789D0BFF36B08084C135C1A3 /* Release */,
				66EF590401962EDFDAE3B404 /* Debug */,
			);
			defaultConfigurationIsVisible = 0;
			defaultConfigurationName = Release;
		};
		A1000001601A0001 /* Build configuration list for PBXNativeTarget "Axel" */ = {
			isa = XCConfigurationList;
			buildConfigurations = (
				A1000001801A0003 /* Debug */,
				A1000001801A0004 /* Release */,
			);
			defaultConfigurationIsVisible = 0;
			defaultConfigurationName = Release;
		};
		A1000001601A0002 /* Build configuration list for PBXProject "Axel" */ = {
			isa = XCConfigurationList;
			buildConfigurations = (
				A1000001801A0001 /* Debug */,
				A1000001801A0002 /* Release */,
			);
			defaultConfigurationIsVisible = 0;
			defaultConfigurationName = Release;
		};
/* End XCConfigurationList section */

/* Begin XCLocalSwiftPackageReference section */
		43BD82762F1D5F650092A96C /* XCLocalSwiftPackageReference "Packages/AutomergeWrapper" */ = {
			isa = XCLocalSwiftPackageReference;
			relativePath = Packages/AutomergeWrapper;
		};
		43BD82792F1D63F60092A96C /* XCLocalSwiftPackageReference "Packages/SwiftTermWrapper" */ = {
			isa = XCLocalSwiftPackageReference;
			relativePath = Packages/SwiftTermWrapper;
		};
/* End XCLocalSwiftPackageReference section */

/* Begin XCRemoteSwiftPackageReference section */
		43BD82702F1D5F650092A96C /* XCRemoteSwiftPackageReference "supabase-swift" */ = {
			isa = XCRemoteSwiftPackageReference;
			repositoryURL = "https://github.com/supabase/supabase-swift";
			requirement = {
				kind = upToNextMajorVersion;
				minimumVersion = 2.5.1;
			};
		};
		43BD827E2F1D70000092A96C /* XCRemoteSwiftPackageReference "Sparkle" */ = {
			isa = XCRemoteSwiftPackageReference;
			repositoryURL = "https://github.com/sparkle-project/Sparkle";
			requirement = {
				kind = upToNextMajorVersion;
				minimumVersion = 2.6.4;
			};
		};
/* End XCRemoteSwiftPackageReference section */

/* Begin XCSwiftPackageProductDependency section */
		43BD82712F1D63F40092A96C /* Supabase */ = {
			isa = XCSwiftPackageProductDependency;
			package = 43BD82702F1D5F650092A96C /* XCRemoteSwiftPackageReference "supabase-swift" */;
			productName = Supabase;
		};
		43BD82742F1D63F40092A96C /* AutomergeWrapper */ = {
			isa = XCSwiftPackageProductDependency;
			package = 43BD82762F1D5F650092A96C /* XCLocalSwiftPackageReference "Packages/AutomergeWrapper" */;
			productName = AutomergeWrapper;
		};
		43BD82772F1D63F50092A96C /* SwiftTermWrapper */ = {
			isa = XCSwiftPackageProductDependency;
			package = 43BD82792F1D63F60092A96C /* XCLocalSwiftPackageReference "Packages/SwiftTermWrapper" */;
			productName = SwiftTermWrapper;
		};
		43BD827F2F1D70000092A96C /* Sparkle */ = {
			isa = XCSwiftPackageProductDependency;
			package = 43BD827E2F1D70000092A96C /* XCRemoteSwiftPackageReference "Sparkle" */;
			productName = Sparkle;
		};
/* End XCSwiftPackageProductDependency section */
	};
	rootObject = A1000001701A0001 /* Project object */;
}
