// !$*UTF8*$!
{
	archiveVersion = 1;
	classes = {
	};
	objectVersion = 60;
	objects = {

/* Begin PBXBuildFile section */
		0C9C9A37C0FF97B7DA4B0AA1 /* CostTracker.swift in Sources */ = {isa = PBXBuildFile; fileRef = D28E5D714F17DA7A43A0182D /* CostTracker.swift */; };
		4373D06F2F21DB1000C7DD88 /* Axel.icon in Resources */ = {isa = PBXBuildFile; fileRef = 4373D06E2F21DB1000C7DD88 /* Axel.icon */; };
		43BD82722F1D63F40092A96C /* Supabase in Frameworks */ = {isa = PBXBuildFile; productRef = 43BD82712F1D63F40092A96C /* Supabase */; };
		43BD82732F1D63F40092A96C /* AutomergeWrapper in Frameworks */ = {isa = PBXBuildFile; productRef = 43BD82742F1D63F40092A96C /* AutomergeWrapper */; };
		43BD82752F1D63F50092A96C /* SwiftTermWrapper in Frameworks */ = {isa = PBXBuildFile; productRef = 43BD82772F1D63F50092A96C /* SwiftTermWrapper */; };
		A1000001201A0001 /* AxelApp.swift in Sources */ = {isa = PBXBuildFile; fileRef = A1000001101A0001 /* AxelApp.swift */; };
		A1000001201A0002 /* ContentView.swift in Sources */ = {isa = PBXBuildFile; fileRef = A1000001101A0002 /* ContentView.swift */; };
		A1000001201A0003 /* Task.swift in Sources */ = {isa = PBXBuildFile; fileRef = A1000001101A0003 /* Task.swift */; };
		A1000001201A0004 /* TodoViewModel.swift in Sources */ = {isa = PBXBuildFile; fileRef = A1000001101A0004 /* TodoViewModel.swift */; };
		A1000001201A0008 /* PreviewContainer.swift in Sources */ = {isa = PBXBuildFile; fileRef = A1000001101A0008 /* PreviewContainer.swift */; };
		A1000001201A0009 /* Assets.xcassets in Resources */ = {isa = PBXBuildFile; fileRef = A1000001101A0009 /* Assets.xcassets */; };
		A1000001201A0010 /* TerminalPanelView.swift in Sources */ = {isa = PBXBuildFile; fileRef = A1000001101A0010 /* TerminalPanelView.swift */; };
		A1000001201A0011 /* SwiftTermWrapper.swift in Sources */ = {isa = PBXBuildFile; fileRef = A1000001101A0011 /* SwiftTermWrapper.swift */; };
		A1000001201A0012 /* Skill.swift in Sources */ = {isa = PBXBuildFile; fileRef = A1000001101A0012 /* Skill.swift */; };
		A1000001201A0013 /* SkillsView.swift in Sources */ = {isa = PBXBuildFile; fileRef = A1000001101A0013 /* SkillsView.swift */; };
		A1000001201A0014 /* Context.swift in Sources */ = {isa = PBXBuildFile; fileRef = A1000001101A0014 /* Context.swift */; };
		A1000001201A0015 /* ContextView.swift in Sources */ = {isa = PBXBuildFile; fileRef = A1000001101A0015 /* ContextView.swift */; };
		A1000001201A0016 /* RunningView.swift in Sources */ = {isa = PBXBuildFile; fileRef = A1000001101A0016 /* RunningView.swift */; };
		A1000001201A0017 /* SupabaseConfig.swift in Sources */ = {isa = PBXBuildFile; fileRef = A1000001101A0017 /* SupabaseConfig.swift */; };
		A1000001201A0018 /* SyncModels.swift in Sources */ = {isa = PBXBuildFile; fileRef = A1000001101A0018 /* SyncModels.swift */; };
		A1000001201A0019 /* SyncService.swift in Sources */ = {isa = PBXBuildFile; fileRef = A1000001101A0019 /* SyncService.swift */; };
		A1000001201A001A /* AuthService.swift in Sources */ = {isa = PBXBuildFile; fileRef = A1000001101A001A /* AuthService.swift */; };
		A1000001201A0021 /* Profile.swift in Sources */ = {isa = PBXBuildFile; fileRef = A1000001101A0021 /* Profile.swift */; };
		A1000001201A0022 /* Organization.swift in Sources */ = {isa = PBXBuildFile; fileRef = A1000001101A0022 /* Organization.swift */; };
		A1000001201A0023 /* OrganizationMember.swift in Sources */ = {isa = PBXBuildFile; fileRef = A1000001101A0023 /* OrganizationMember.swift */; };
		A1000001201A0024 /* Workspace.swift in Sources */ = {isa = PBXBuildFile; fileRef = A1000001101A0024 /* Workspace.swift */; };
		A1000001201A0025 /* TaskComment.swift in Sources */ = {isa = PBXBuildFile; fileRef = A1000001101A0025 /* TaskComment.swift */; };
		A1000001201A0026 /* TaskAttachment.swift in Sources */ = {isa = PBXBuildFile; fileRef = A1000001101A0026 /* TaskAttachment.swift */; };
		A1000001201A0027 /* Terminal.swift in Sources */ = {isa = PBXBuildFile; fileRef = A1000001101A0027 /* Terminal.swift */; };
		A1000001201A0028 /* TaskDispatch.swift in Sources */ = {isa = PBXBuildFile; fileRef = A1000001101A0028 /* TaskDispatch.swift */; };
		A1000001201A0029 /* Hint.swift in Sources */ = {isa = PBXBuildFile; fileRef = A1000001101A0029 /* Hint.swift */; };
		A1000001201A0031 /* WorkspacePickerView.swift in Sources */ = {isa = PBXBuildFile; fileRef = A1000001101A0031 /* WorkspacePickerView.swift */; };
		A1000001201A0032 /* WorkspaceWindowView.swift in Sources */ = {isa = PBXBuildFile; fileRef = A1000001101A0032 /* WorkspaceWindowView.swift */; };
		A1000001201A0033 /* WorkspaceContentView.swift in Sources */ = {isa = PBXBuildFile; fileRef = A1000001101A0033 /* WorkspaceContentView.swift */; };
		A1000001201A0040 /* InboxEvent.swift in Sources */ = {isa = PBXBuildFile; fileRef = A1000001101A0040 /* InboxEvent.swift */; };
		A1000001201A0041 /* InboxService.swift in Sources */ = {isa = PBXBuildFile; fileRef = A1000001101A0041 /* InboxService.swift */; };
		A1000001201A0042 /* InboxView.swift in Sources */ = {isa = PBXBuildFile; fileRef = A1000001101A0042 /* InboxView.swift */; };
		A1000001201A0043 /* TaskMetrics.swift in Sources */ = {isa = PBXBuildFile; fileRef = A1000001101A0043 /* TaskMetrics.swift */; };
		A1000001201A0044 /* DiffView.swift in Sources */ = {isa = PBXBuildFile; fileRef = A1000001101A0044 /* DiffView.swift */; };
		A1000001201A0045 /* AutomergeStore.swift in Sources */ = {isa = PBXBuildFile; fileRef = A1000001101A0045 /* AutomergeStore.swift */; };
		A1000001201A0046 /* AutomergeSchemas.swift in Sources */ = {isa = PBXBuildFile; fileRef = A1000001101A0046 /* AutomergeSchemas.swift */; };
		A1000001201A0047 /* WorkspaceContainerManager.swift in Sources */ = {isa = PBXBuildFile; fileRef = A1000001101A0047 /* WorkspaceContainerManager.swift */; };
		A1000001201A0060 /* OrganizationInvitation.swift in Sources */ = {isa = PBXBuildFile; fileRef = A1000001101A0060 /* OrganizationInvitation.swift */; };
		A1000001201A0061 /* TeamView.swift in Sources */ = {isa = PBXBuildFile; fileRef = A1000001101A0061 /* TeamView.swift */; };
		A1000001201A0070 /* SimpleTerminalView.swift in Sources */ = {isa = PBXBuildFile; fileRef = A1000001101A0070 /* SimpleTerminalView.swift */; };
		A1000001201A0080 /* SwipeableCardView.swift in Sources */ = {isa = PBXBuildFile; fileRef = A1000001101A0080 /* SwipeableCardView.swift */; };
		A1000001201A0081 /* InboxCardStackView.swift in Sources */ = {isa = PBXBuildFile; fileRef = A1000001101A0081 /* InboxCardStackView.swift */; };
		A1000001201A0082 /* PermissionCardContent.swift in Sources */ = {isa = PBXBuildFile; fileRef = A1000001101A0082 /* PermissionCardContent.swift */; };
		A1000001201A0083 /* iPhoneInboxCardStackView.swift in Sources */ = {isa = PBXBuildFile; fileRef = A1000001101A0083 /* iPhoneInboxCardStackView.swift */; };
		A1000001201A0084 /* SwipeCardsKit.swift in Sources */ = {isa = PBXBuildFile; fileRef = A1000001101A0084 /* SwipeCardsKit.swift */; };
		A1000001201A0090 /* URLOpening.swift in Sources */ = {isa = PBXBuildFile; fileRef = A1000001101A0090 /* URLOpening.swift */; };
		A1000001201A0091 /* SyncMode.swift in Sources */ = {isa = PBXBuildFile; fileRef = A1000001101A0091 /* SyncMode.swift */; };
		A1000001201A0092 /* PlatformServices.swift in Sources */ = {isa = PBXBuildFile; fileRef = A1000001101A0092 /* PlatformServices.swift */; };
		A1000001201A0093 /* KeyboardShortcuts.swift in Sources */ = {isa = PBXBuildFile; fileRef = A1000001101A0093 /* KeyboardShortcuts.swift */; };
		A1000001201A0094 /* NavigationTypes.swift in Sources */ = {isa = PBXBuildFile; fileRef = A1000001101A0094 /* NavigationTypes.swift */; };
		A1000001201A0095 /* IOSContentView.swift in Sources */ = {isa = PBXBuildFile; fileRef = A1000001101A0095 /* IOSContentView.swift */; };
		A1000001201A0096 /* VisionContentView.swift in Sources */ = {isa = PBXBuildFile; fileRef = A1000001101A0096 /* VisionContentView.swift */; };
		A1000001201A0097 /* MacHelpers.swift in Sources */ = {isa = PBXBuildFile; fileRef = A1000001101A0097 /* MacHelpers.swift */; };
		A1000001201A0098 /* MacScenes.swift in Sources */ = {isa = PBXBuildFile; fileRef = A1000001101A0098 /* MacScenes.swift */; };
		A1000001201A0099 /* MobileScene.swift in Sources */ = {isa = PBXBuildFile; fileRef = A1000001101A0099 /* MobileScene.swift */; };
		A1000001201A0100 /* ImmersiveView.swift in Sources */ = {isa = PBXBuildFile; fileRef = A1000001101A0100 /* ImmersiveView.swift */; };
		A1000001201A0101 /* CommandPanelViews.swift in Sources */ = {isa = PBXBuildFile; fileRef = A1000001101A0101 /* CommandPanelViews.swift */; };
		A1000001201A0102 /* CommandCenterView.swift in Sources */ = {isa = PBXBuildFile; fileRef = A1000001101A0102 /* CommandCenterView.swift */; };
		A100000120A10030 /* TaskAssignee.swift in Sources */ = {isa = PBXBuildFile; fileRef = A100000110A10030 /* TaskAssignee.swift */; };
/* End PBXBuildFile section */

/* Begin PBXCopyFilesBuildPhase section */
		A1000001301A0010 /* Embed Frameworks */ = {
			isa = PBXCopyFilesBuildPhase;
			buildActionMask = 2147483647;
			dstPath = "";
			dstSubfolderSpec = 10;
			files = (
			);
			name = "Embed Frameworks";
			runOnlyForDeploymentPostprocessing = 0;
		};
/* End PBXCopyFilesBuildPhase section */

/* Begin PBXFileReference section */
		4373D06E2F21DB1000C7DD88 /* Axel.icon */ = {isa = PBXFileReference; lastKnownFileType = folder.iconcomposer.icon; path = Axel.icon; sourceTree = "<group>"; };
		A1000001001A0001 /* Axel.app */ = {isa = PBXFileReference; explicitFileType = wrapper.application; includeInIndex = 0; path = Axel.app; sourceTree = BUILT_PRODUCTS_DIR; };
		A1000001101A0001 /* AxelApp.swift */ = {isa = PBXFileReference; lastKnownFileType = sourcecode.swift; path = AxelApp.swift; sourceTree = "<group>"; };
		A1000001101A0002 /* ContentView.swift */ = {isa = PBXFileReference; lastKnownFileType = sourcecode.swift; path = ContentView.swift; sourceTree = "<group>"; };
		A1000001101A0003 /* Task.swift */ = {isa = PBXFileReference; lastKnownFileType = sourcecode.swift; path = Task.swift; sourceTree = "<group>"; };
		A1000001101A0004 /* TodoViewModel.swift */ = {isa = PBXFileReference; lastKnownFileType = sourcecode.swift; path = TodoViewModel.swift; sourceTree = "<group>"; };
		A1000001101A0008 /* PreviewContainer.swift */ = {isa = PBXFileReference; lastKnownFileType = sourcecode.swift; path = PreviewContainer.swift; sourceTree = "<group>"; };
		A1000001101A0009 /* Assets.xcassets */ = {isa = PBXFileReference; lastKnownFileType = folder.assetcatalog; path = Assets.xcassets; sourceTree = "<group>"; };
		A1000001101A000A /* Axel.entitlements */ = {isa = PBXFileReference; lastKnownFileType = text.plist.entitlements; path = Axel.entitlements; sourceTree = "<group>"; };
		A1000001101A0010 /* TerminalPanelView.swift */ = {isa = PBXFileReference; lastKnownFileType = sourcecode.swift; path = TerminalPanelView.swift; sourceTree = "<group>"; };
		A1000001101A0011 /* SwiftTermWrapper.swift */ = {isa = PBXFileReference; lastKnownFileType = sourcecode.swift; path = SwiftTermWrapper.swift; sourceTree = "<group>"; };
		A1000001101A0012 /* Skill.swift */ = {isa = PBXFileReference; lastKnownFileType = sourcecode.swift; path = Skill.swift; sourceTree = "<group>"; };
		A1000001101A0013 /* SkillsView.swift */ = {isa = PBXFileReference; lastKnownFileType = sourcecode.swift; path = SkillsView.swift; sourceTree = "<group>"; };
		A1000001101A0014 /* Context.swift */ = {isa = PBXFileReference; lastKnownFileType = sourcecode.swift; path = Context.swift; sourceTree = "<group>"; };
		A1000001101A0015 /* ContextView.swift */ = {isa = PBXFileReference; lastKnownFileType = sourcecode.swift; path = ContextView.swift; sourceTree = "<group>"; };
		A1000001101A0016 /* RunningView.swift */ = {isa = PBXFileReference; lastKnownFileType = sourcecode.swift; path = RunningView.swift; sourceTree = "<group>"; };
		A1000001101A0017 /* SupabaseConfig.swift */ = {isa = PBXFileReference; lastKnownFileType = sourcecode.swift; path = SupabaseConfig.swift; sourceTree = "<group>"; };
		A1000001101A0018 /* SyncModels.swift */ = {isa = PBXFileReference; lastKnownFileType = sourcecode.swift; path = SyncModels.swift; sourceTree = "<group>"; };
		A1000001101A0019 /* SyncService.swift */ = {isa = PBXFileReference; lastKnownFileType = sourcecode.swift; path = SyncService.swift; sourceTree = "<group>"; };
		A1000001101A001A /* AuthService.swift */ = {isa = PBXFileReference; lastKnownFileType = sourcecode.swift; path = AuthService.swift; sourceTree = "<group>"; };
		A1000001101A0021 /* Profile.swift */ = {isa = PBXFileReference; lastKnownFileType = sourcecode.swift; path = Profile.swift; sourceTree = "<group>"; };
		A1000001101A0022 /* Organization.swift */ = {isa = PBXFileReference; lastKnownFileType = sourcecode.swift; path = Organization.swift; sourceTree = "<group>"; };
		A1000001101A0023 /* OrganizationMember.swift */ = {isa = PBXFileReference; lastKnownFileType = sourcecode.swift; path = OrganizationMember.swift; sourceTree = "<group>"; };
		A1000001101A0024 /* Workspace.swift */ = {isa = PBXFileReference; lastKnownFileType = sourcecode.swift; path = Workspace.swift; sourceTree = "<group>"; };
		A1000001101A0025 /* TaskComment.swift */ = {isa = PBXFileReference; lastKnownFileType = sourcecode.swift; path = TaskComment.swift; sourceTree = "<group>"; };
		A1000001101A0026 /* TaskAttachment.swift */ = {isa = PBXFileReference; lastKnownFileType = sourcecode.swift; path = TaskAttachment.swift; sourceTree = "<group>"; };
		A1000001101A0027 /* Terminal.swift */ = {isa = PBXFileReference; lastKnownFileType = sourcecode.swift; path = Terminal.swift; sourceTree = "<group>"; };
		A1000001101A0028 /* TaskDispatch.swift */ = {isa = PBXFileReference; lastKnownFileType = sourcecode.swift; path = TaskDispatch.swift; sourceTree = "<group>"; };
		A1000001101A0029 /* Hint.swift */ = {isa = PBXFileReference; lastKnownFileType = sourcecode.swift; path = Hint.swift; sourceTree = "<group>"; };
		A1000001101A0031 /* WorkspacePickerView.swift */ = {isa = PBXFileReference; lastKnownFileType = sourcecode.swift; path = WorkspacePickerView.swift; sourceTree = "<group>"; };
		A1000001101A0032 /* WorkspaceWindowView.swift */ = {isa = PBXFileReference; lastKnownFileType = sourcecode.swift; path = WorkspaceWindowView.swift; sourceTree = "<group>"; };
		A1000001101A0033 /* WorkspaceContentView.swift */ = {isa = PBXFileReference; lastKnownFileType = sourcecode.swift; path = WorkspaceContentView.swift; sourceTree = "<group>"; };
		A1000001101A0040 /* InboxEvent.swift */ = {isa = PBXFileReference; lastKnownFileType = sourcecode.swift; path = InboxEvent.swift; sourceTree = "<group>"; };
		A1000001101A0041 /* InboxService.swift */ = {isa = PBXFileReference; lastKnownFileType = sourcecode.swift; path = InboxService.swift; sourceTree = "<group>"; };
		A1000001101A0042 /* InboxView.swift */ = {isa = PBXFileReference; lastKnownFileType = sourcecode.swift; path = InboxView.swift; sourceTree = "<group>"; };
		A1000001101A0043 /* TaskMetrics.swift */ = {isa = PBXFileReference; lastKnownFileType = sourcecode.swift; path = TaskMetrics.swift; sourceTree = "<group>"; };
		A1000001101A0044 /* DiffView.swift */ = {isa = PBXFileReference; lastKnownFileType = sourcecode.swift; path = DiffView.swift; sourceTree = "<group>"; };
		A1000001101A0045 /* AutomergeStore.swift */ = {isa = PBXFileReference; lastKnownFileType = sourcecode.swift; path = AutomergeStore.swift; sourceTree = "<group>"; };
		A1000001101A0046 /* AutomergeSchemas.swift */ = {isa = PBXFileReference; lastKnownFileType = sourcecode.swift; path = AutomergeSchemas.swift; sourceTree = "<group>"; };
		A1000001101A0047 /* WorkspaceContainerManager.swift */ = {isa = PBXFileReference; lastKnownFileType = sourcecode.swift; path = WorkspaceContainerManager.swift; sourceTree = "<group>"; };
		A1000001101A0051 /* Axel-Bridging-Header.h */ = {isa = PBXFileReference; lastKnownFileType = sourcecode.c.h; path = "Axel-Bridging-Header.h"; sourceTree = "<group>"; };
		A1000001101A0060 /* OrganizationInvitation.swift */ = {isa = PBXFileReference; lastKnownFileType = sourcecode.swift; path = OrganizationInvitation.swift; sourceTree = "<group>"; };
		A1000001101A0061 /* TeamView.swift */ = {isa = PBXFileReference; lastKnownFileType = sourcecode.swift; path = TeamView.swift; sourceTree = "<group>"; };
		A1000001101A0070 /* SimpleTerminalView.swift */ = {isa = PBXFileReference; lastKnownFileType = sourcecode.swift; path = SimpleTerminalView.swift; sourceTree = "<group>"; };
		A1000001101A0080 /* SwipeableCardView.swift */ = {isa = PBXFileReference; lastKnownFileType = sourcecode.swift; path = SwipeableCardView.swift; sourceTree = "<group>"; };
		A1000001101A0081 /* InboxCardStackView.swift */ = {isa = PBXFileReference; lastKnownFileType = sourcecode.swift; path = InboxCardStackView.swift; sourceTree = "<group>"; };
		A1000001101A0082 /* PermissionCardContent.swift */ = {isa = PBXFileReference; lastKnownFileType = sourcecode.swift; path = PermissionCardContent.swift; sourceTree = "<group>"; };
		A1000001101A0083 /* iPhoneInboxCardStackView.swift */ = {isa = PBXFileReference; lastKnownFileType = sourcecode.swift; path = iPhoneInboxCardStackView.swift; sourceTree = "<group>"; };
		A1000001101A0084 /* SwipeCardsKit.swift */ = {isa = PBXFileReference; lastKnownFileType = sourcecode.swift; path = SwipeCardsKit.swift; sourceTree = "<group>"; };
		A1000001101A0090 /* URLOpening.swift */ = {isa = PBXFileReference; lastKnownFileType = sourcecode.swift; path = URLOpening.swift; sourceTree = "<group>"; };
		A1000001101A0091 /* SyncMode.swift */ = {isa = PBXFileReference; lastKnownFileType = sourcecode.swift; path = SyncMode.swift; sourceTree = "<group>"; };
		A1000001101A0092 /* PlatformServices.swift */ = {isa = PBXFileReference; lastKnownFileType = sourcecode.swift; path = PlatformServices.swift; sourceTree = "<group>"; };
		A1000001101A0093 /* KeyboardShortcuts.swift */ = {isa = PBXFileReference; lastKnownFileType = sourcecode.swift; path = KeyboardShortcuts.swift; sourceTree = "<group>"; };
		A1000001101A0094 /* NavigationTypes.swift */ = {isa = PBXFileReference; lastKnownFileType = sourcecode.swift; path = NavigationTypes.swift; sourceTree = "<group>"; };
		A1000001101A0095 /* IOSContentView.swift */ = {isa = PBXFileReference; lastKnownFileType = sourcecode.swift; path = IOSContentView.swift; sourceTree = "<group>"; };
		A1000001101A0096 /* VisionContentView.swift */ = {isa = PBXFileReference; lastKnownFileType = sourcecode.swift; path = VisionContentView.swift; sourceTree = "<group>"; };
		A1000001101A0097 /* MacHelpers.swift */ = {isa = PBXFileReference; lastKnownFileType = sourcecode.swift; path = MacHelpers.swift; sourceTree = "<group>"; };
		A1000001101A0098 /* MacScenes.swift */ = {isa = PBXFileReference; lastKnownFileType = sourcecode.swift; path = MacScenes.swift; sourceTree = "<group>"; };
		A1000001101A0099 /* MobileScene.swift */ = {isa = PBXFileReference; lastKnownFileType = sourcecode.swift; path = MobileScene.swift; sourceTree = "<group>"; };
		A1000001101A0100 /* ImmersiveView.swift */ = {isa = PBXFileReference; lastKnownFileType = sourcecode.swift; path = ImmersiveView.swift; sourceTree = "<group>"; };
		A1000001101A0101 /* CommandPanelViews.swift */ = {isa = PBXFileReference; lastKnownFileType = sourcecode.swift; path = CommandPanelViews.swift; sourceTree = "<group>"; };
		A1000001101A0102 /* CommandCenterView.swift */ = {isa = PBXFileReference; lastKnownFileType = sourcecode.swift; path = CommandCenterView.swift; sourceTree = "<group>"; };
		A100000110A10030 /* TaskAssignee.swift */ = {isa = PBXFileReference; lastKnownFileType = sourcecode.swift; path = TaskAssignee.swift; sourceTree = "<group>"; };
		D28E5D714F17DA7A43A0182D /* CostTracker.swift */ = {isa = PBXFileReference; includeInIndex = 1; lastKnownFileType = sourcecode.swift; path = CostTracker.swift; sourceTree = "<group>"; };
/* End PBXFileReference section */

/* Begin PBXFrameworksBuildPhase section */
		A1000001301A0001 /* Frameworks */ = {
			isa = PBXFrameworksBuildPhase;
			buildActionMask = 2147483647;
			files = (
				43BD82732F1D63F40092A96C /* AutomergeWrapper in Frameworks */,
				43BD82722F1D63F40092A96C /* Supabase in Frameworks */,
				43BD82752F1D63F50092A96C /* SwiftTermWrapper in Frameworks */,
			);
			runOnlyForDeploymentPostprocessing = 0;
		};
/* End PBXFrameworksBuildPhase section */

/* Begin PBXGroup section */
		A1000001401A0001 = {
			isa = PBXGroup;
			children = (
				A1000001401A0002 /* Axel */,
				A1000001401A0008 /* Frameworks */,
				A1000001401A0003 /* Products */,
			);
			sourceTree = "<group>";
		};
		A1000001401A0002 /* Axel */ = {
			isa = PBXGroup;
			children = (
				A1000001101A0001 /* AxelApp.swift */,
				A1000001401A0004 /* Models */,
				A1000001401A0005 /* ViewModels */,
				A1000001401A0006 /* Views */,
				A1000001401A0016 /* Platform */,
				A1000001401A0017 /* App */,
				A1000001401A0011 /* Services */,
				A1000001401A0010 /* Supabase */,
				A1000001401A0007 /* Preview Content */,
				A1000001101A0009 /* Assets.xcassets */,
				A1000001101A000A /* Axel.entitlements */,
				4373D06E2F21DB1000C7DD88 /* Axel.icon */,
				A1000001101A0051 /* Axel-Bridging-Header.h */,
			);
			path = Axel;
			sourceTree = "<group>";
		};
		A1000001401A0003 /* Products */ = {
			isa = PBXGroup;
			children = (
				A1000001001A0001 /* Axel.app */,
			);
			name = Products;
			sourceTree = "<group>";
		};
		A1000001401A0004 /* Models */ = {
			isa = PBXGroup;
			children = (
				A1000001101A0021 /* Profile.swift */,
				A1000001101A0022 /* Organization.swift */,
				A1000001101A0023 /* OrganizationMember.swift */,
				A1000001101A0060 /* OrganizationInvitation.swift */,
				A1000001101A0024 /* Workspace.swift */,
				A1000001101A0003 /* Task.swift */,
				A1000001101A0025 /* TaskComment.swift */,
				A1000001101A0026 /* TaskAttachment.swift */,
				A1000001101A0027 /* Terminal.swift */,
				A1000001101A0028 /* TaskDispatch.swift */,
				A1000001101A0029 /* Hint.swift */,
				A100000110A10030 /* TaskAssignee.swift */,
				A1000001101A0012 /* Skill.swift */,
				A1000001101A0014 /* Context.swift */,
				A1000001101A0040 /* InboxEvent.swift */,
				A1000001101A0043 /* TaskMetrics.swift */,
			);
			path = Models;
			sourceTree = "<group>";
		};
		A1000001401A0005 /* ViewModels */ = {
			isa = PBXGroup;
			children = (
				A1000001101A0004 /* TodoViewModel.swift */,
			);
			path = ViewModels;
			sourceTree = "<group>";
		};
		A1000001401A0006 /* Views */ = {
			isa = PBXGroup;
			children = (
				A1000001101A0002 /* ContentView.swift */,
				A1000001401A0012 /* Shared */,
				A1000001401A0013 /* macOS */,
				A1000001401A0014 /* iOS */,
				A1000001401A0015 /* visionOS */,
			);
			path = Views;
			sourceTree = "<group>";
		};
		A1000001401A0007 /* Preview Content */ = {
			isa = PBXGroup;
			children = (
				A1000001101A0008 /* PreviewContainer.swift */,
			);
			path = "Preview Content";
			sourceTree = "<group>";
		};
		A1000001401A0008 /* Frameworks */ = {
			isa = PBXGroup;
			children = (
			);
			name = Frameworks;
			sourceTree = "<group>";
		};
		A1000001401A0010 /* Supabase */ = {
			isa = PBXGroup;
			children = (
				A1000001101A0017 /* SupabaseConfig.swift */,
				A1000001101A0018 /* SyncModels.swift */,
				A1000001101A0019 /* SyncService.swift */,
				A1000001101A001A /* AuthService.swift */,
			);
			path = Supabase;
			sourceTree = "<group>";
		};
		A1000001401A0011 /* Services */ = {
			isa = PBXGroup;
			children = (
				A1000001101A0045 /* AutomergeStore.swift */,
				A1000001101A0046 /* AutomergeSchemas.swift */,
				A1000001101A0041 /* InboxService.swift */,
				A1000001101A0047 /* WorkspaceContainerManager.swift */,
				D28E5D714F17DA7A43A0182D /* CostTracker.swift */,
			);
			path = Services;
			sourceTree = "<group>";
		};
		A1000001401A0012 /* Shared */ = {
			isa = PBXGroup;
			children = (
				A1000001101A0094 /* NavigationTypes.swift */,
				A1000001101A0013 /* SkillsView.swift */,
				A1000001101A0015 /* ContextView.swift */,
				A1000001101A0042 /* InboxView.swift */,
				A1000001101A0081 /* InboxCardStackView.swift */,
				A1000001101A0044 /* DiffView.swift */,
				A1000001101A0061 /* TeamView.swift */,
				A1000001101A0080 /* SwipeableCardView.swift */,
				A1000001101A0082 /* PermissionCardContent.swift */,
				A1000001101A0084 /* SwipeCardsKit.swift */,
			);
			path = Shared;
			sourceTree = "<group>";
		};
		A1000001401A0013 /* macOS */ = {
			isa = PBXGroup;
			children = (
				A1000001101A0093 /* KeyboardShortcuts.swift */,
				A1000001101A0097 /* MacHelpers.swift */,
				A1000001101A0016 /* RunningView.swift */,
				A1000001101A0031 /* WorkspacePickerView.swift */,
				A1000001101A0032 /* WorkspaceWindowView.swift */,
				A1000001101A0033 /* WorkspaceContentView.swift */,
				A1000001101A0070 /* SimpleTerminalView.swift */,
				A1000001401A001A /* Terminal */,
			);
			path = macOS;
			sourceTree = "<group>";
		};
		A1000001401A0014 /* iOS */ = {
			isa = PBXGroup;
			children = (
				A1000001101A0095 /* IOSContentView.swift */,
				A1000001101A0083 /* iPhoneInboxCardStackView.swift */,
			);
			path = iOS;
			sourceTree = "<group>";
		};
		A1000001401A0015 /* visionOS */ = {
			isa = PBXGroup;
			children = (
				A1000001101A0096 /* VisionContentView.swift */,
				A1000001101A0100 /* ImmersiveView.swift */,
				A1000001101A0101 /* CommandPanelViews.swift */,
				A1000001101A0102 /* CommandCenterView.swift */,
			);
			path = visionOS;
			sourceTree = "<group>";
		};
		A1000001401A0016 /* Platform */ = {
			isa = PBXGroup;
			children = (
				A1000001101A0090 /* URLOpening.swift */,
				A1000001101A0091 /* SyncMode.swift */,
				A1000001101A0092 /* PlatformServices.swift */,
			);
			path = Platform;
			sourceTree = "<group>";
		};
		A1000001401A0017 /* App */ = {
			isa = PBXGroup;
			children = (
				A1000001401A0018 /* macOS */,
				A1000001401A0019 /* iOS */,
			);
			path = App;
			sourceTree = "<group>";
		};
		A1000001401A0018 /* macOS */ = {
			isa = PBXGroup;
			children = (
				A1000001101A0098 /* MacScenes.swift */,
			);
			path = macOS;
			sourceTree = "<group>";
		};
		A1000001401A0019 /* iOS */ = {
			isa = PBXGroup;
			children = (
				A1000001101A0099 /* MobileScene.swift */,
			);
			path = iOS;
			sourceTree = "<group>";
		};
		A1000001401A001A /* Terminal */ = {
			isa = PBXGroup;
			children = (
				A1000001101A0010 /* TerminalPanelView.swift */,
				A1000001101A0011 /* SwiftTermWrapper.swift */,
			);
			path = Terminal;
			sourceTree = "<group>";
		};
/* End PBXGroup section */

/* Begin PBXNativeTarget section */
		A1000001501A0001 /* Axel */ = {
			isa = PBXNativeTarget;
			buildConfigurationList = A1000001601A0001 /* Build configuration list for PBXNativeTarget "Axel" */;
			buildPhases = (
				A1000001501A0002 /* Sources */,
				A1000001301A0001 /* Frameworks */,
				A1000001501A0003 /* Resources */,
				A1000001301A0010 /* Embed Frameworks */,
			);
			buildRules = (
			);
			dependencies = (
			);
			name = Axel;
			productName = Axel;
			productReference = A1000001001A0001 /* Axel.app */;
			productType = "com.apple.product-type.application";
		};
/* End PBXNativeTarget section */

/* Begin PBXProject section */
		A1000001701A0001 /* Project object */ = {
			isa = PBXProject;
			attributes = {
				BuildIndependentTargetsInParallel = 1;
				LastSwiftUpdateCheck = 1500;
				LastUpgradeCheck = 1500;
				TargetAttributes = {
					A1000001501A0001 = {
						CreatedOnToolsVersion = 15.0;
					};
				};
			};
			buildConfigurationList = A1000001601A0002 /* Build configuration list for PBXProject "Axel" */;
			compatibilityVersion = "Xcode 14.0";
			developmentRegion = en;
			hasScannedForEncodings = 0;
			knownRegions = (
				en,
				Base,
			);
			mainGroup = A1000001401A0001;
			packageReferences = (
				43BD82762F1D5F650092A96C /* XCLocalSwiftPackageReference "AutomergeWrapper" */,
				43BD82702F1D5F650092A96C /* XCRemoteSwiftPackageReference "supabase-swift" */,
				43BD82792F1D63F60092A96C /* XCLocalSwiftPackageReference "SwiftTermWrapper" */,
			);
			productRefGroup = A1000001401A0003 /* Products */;
			projectDirPath = "";
			projectRoot = "";
			targets = (
				A1000001501A0001 /* Axel */,
			);
		};
/* End PBXProject section */

/* Begin PBXResourcesBuildPhase section */
		A1000001501A0003 /* Resources */ = {
			isa = PBXResourcesBuildPhase;
			buildActionMask = 2147483647;
			files = (
				4373D06F2F21DB1000C7DD88 /* Axel.icon in Resources */,
				A1000001201A0009 /* Assets.xcassets in Resources */,
			);
			runOnlyForDeploymentPostprocessing = 0;
		};
/* End PBXResourcesBuildPhase section */

/* Begin PBXSourcesBuildPhase section */
		A1000001501A0002 /* Sources */ = {
			isa = PBXSourcesBuildPhase;
			buildActionMask = 2147483647;
			files = (
				A1000001201A0001 /* AxelApp.swift in Sources */,
				A1000001201A0002 /* ContentView.swift in Sources */,
				A1000001201A0003 /* Task.swift in Sources */,
				A1000001201A0021 /* Profile.swift in Sources */,
				A1000001201A0022 /* Organization.swift in Sources */,
				A1000001201A0023 /* OrganizationMember.swift in Sources */,
				A1000001201A0060 /* OrganizationInvitation.swift in Sources */,
				A1000001201A0024 /* Workspace.swift in Sources */,
				A1000001201A0025 /* TaskComment.swift in Sources */,
				A1000001201A0026 /* TaskAttachment.swift in Sources */,
				A1000001201A0027 /* Terminal.swift in Sources */,
				A1000001201A0028 /* TaskDispatch.swift in Sources */,
				A1000001201A0029 /* Hint.swift in Sources */,
				A100000120A10030 /* TaskAssignee.swift in Sources */,
				A1000001201A0004 /* TodoViewModel.swift in Sources */,
				A1000001201A0008 /* PreviewContainer.swift in Sources */,
				A1000001201A0010 /* TerminalPanelView.swift in Sources */,
				A1000001201A0011 /* SwiftTermWrapper.swift in Sources */,
				A1000001201A0012 /* Skill.swift in Sources */,
				A1000001201A0013 /* SkillsView.swift in Sources */,
				A1000001201A0014 /* Context.swift in Sources */,
				A1000001201A0015 /* ContextView.swift in Sources */,
				A1000001201A0016 /* RunningView.swift in Sources */,
				A1000001201A0017 /* SupabaseConfig.swift in Sources */,
				A1000001201A0018 /* SyncModels.swift in Sources */,
				A1000001201A0019 /* SyncService.swift in Sources */,
				A1000001201A001A /* AuthService.swift in Sources */,
				A1000001201A0031 /* WorkspacePickerView.swift in Sources */,
				A1000001201A0032 /* WorkspaceWindowView.swift in Sources */,
				A1000001201A0033 /* WorkspaceContentView.swift in Sources */,
				A1000001201A0040 /* InboxEvent.swift in Sources */,
				A1000001201A0041 /* InboxService.swift in Sources */,
				A1000001201A0045 /* AutomergeStore.swift in Sources */,
				A1000001201A0047 /* WorkspaceContainerManager.swift in Sources */,
				A1000001201A0046 /* AutomergeSchemas.swift in Sources */,
				A1000001201A0042 /* InboxView.swift in Sources */,
				A1000001201A0043 /* TaskMetrics.swift in Sources */,
				A1000001201A0044 /* DiffView.swift in Sources */,
				A1000001201A0061 /* TeamView.swift in Sources */,
				A1000001201A0070 /* SimpleTerminalView.swift in Sources */,
				A1000001201A0080 /* SwipeableCardView.swift in Sources */,
				A1000001201A0081 /* InboxCardStackView.swift in Sources */,
				A1000001201A0082 /* PermissionCardContent.swift in Sources */,
				A1000001201A0083 /* iPhoneInboxCardStackView.swift in Sources */,
				A1000001201A0084 /* SwipeCardsKit.swift in Sources */,
				A1000001201A0090 /* URLOpening.swift in Sources */,
				A1000001201A0091 /* SyncMode.swift in Sources */,
				A1000001201A0092 /* PlatformServices.swift in Sources */,
				A1000001201A0093 /* KeyboardShortcuts.swift in Sources */,
				A1000001201A0094 /* NavigationTypes.swift in Sources */,
				A1000001201A0095 /* IOSContentView.swift in Sources */,
				A1000001201A0096 /* VisionContentView.swift in Sources */,
				A1000001201A0097 /* MacHelpers.swift in Sources */,
				A1000001201A0098 /* MacScenes.swift in Sources */,
				A1000001201A0099 /* MobileScene.swift in Sources */,
				A1000001201A0100 /* ImmersiveView.swift in Sources */,
				A1000001201A0101 /* CommandPanelViews.swift in Sources */,
				A1000001201A0102 /* CommandCenterView.swift in Sources */,
				0C9C9A37C0FF97B7DA4B0AA1 /* CostTracker.swift in Sources */,
			);
			runOnlyForDeploymentPostprocessing = 0;
		};
/* End PBXSourcesBuildPhase section */

/* Begin XCBuildConfiguration section */
		A1000001801A0001 /* Debug */ = {
			isa = XCBuildConfiguration;
			buildSettings = {
				ALWAYS_SEARCH_USER_PATHS = NO;
				ASSETCATALOG_COMPILER_GENERATE_SWIFT_ASSET_SYMBOL_EXTENSIONS = YES;
				CLANG_ANALYZER_NONNULL = YES;
				CLANG_ANALYZER_NUMBER_OBJECT_CONVERSION = YES_AGGRESSIVE;
				CLANG_CXX_LANGUAGE_STANDARD = "gnu++20";
				CLANG_ENABLE_MODULES = YES;
				CLANG_ENABLE_OBJC_ARC = YES;
				CLANG_ENABLE_OBJC_WEAK = YES;
				CLANG_WARN_BLOCK_CAPTURE_AUTORELEASING = YES;
				CLANG_WARN_BOOL_CONVERSION = YES;
				CLANG_WARN_COMMA = YES;
				CLANG_WARN_CONSTANT_CONVERSION = YES;
				CLANG_WARN_DEPRECATED_OBJC_IMPLEMENTATIONS = YES;
				CLANG_WARN_DIRECT_OBJC_ISA_USAGE = YES_ERROR;
				CLANG_WARN_DOCUMENTATION_COMMENTS = YES;
				CLANG_WARN_EMPTY_BODY = YES;
				CLANG_WARN_ENUM_CONVERSION = YES;
				CLANG_WARN_INFINITE_RECURSION = YES;
				CLANG_WARN_INT_CONVERSION = YES;
				CLANG_WARN_NON_LITERAL_NULL_CONVERSION = YES;
				CLANG_WARN_OBJC_IMPLICIT_RETAIN_SELF = YES;
				CLANG_WARN_OBJC_LITERAL_CONVERSION = YES;
				CLANG_WARN_OBJC_ROOT_CLASS = YES_ERROR;
				CLANG_WARN_QUOTED_INCLUDE_IN_FRAMEWORK_HEADER = YES;
				CLANG_WARN_RANGE_LOOP_ANALYSIS = YES;
				CLANG_WARN_STRICT_PROTOTYPES = YES;
				CLANG_WARN_SUSPICIOUS_MOVE = YES;
				CLANG_WARN_UNGUARDED_AVAILABILITY = YES_AGGRESSIVE;
				CLANG_WARN_UNREACHABLE_CODE = YES;
				CLANG_WARN__DUPLICATE_METHOD_MATCH = YES;
				COPY_PHASE_STRIP = NO;
				DEBUG_INFORMATION_FORMAT = dwarf;
				ENABLE_STRICT_OBJC_MSGSEND = YES;
				ENABLE_TESTABILITY = YES;
				ENABLE_USER_SCRIPT_SANDBOXING = YES;
				GCC_C_LANGUAGE_STANDARD = gnu17;
				GCC_DYNAMIC_NO_PIC = NO;
				GCC_NO_COMMON_BLOCKS = YES;
				GCC_OPTIMIZATION_LEVEL = 0;
				GCC_PREPROCESSOR_DEFINITIONS = (
					"DEBUG=1",
					"$(inherited)",
				);
				GCC_WARN_64_TO_32_BIT_CONVERSION = YES;
				GCC_WARN_ABOUT_RETURN_TYPE = YES_ERROR;
				GCC_WARN_UNDECLARED_SELECTOR = YES;
				GCC_WARN_UNINITIALIZED_AUTOS = YES_AGGRESSIVE;
				GCC_WARN_UNUSED_FUNCTION = YES;
				GCC_WARN_UNUSED_VARIABLE = YES;
				IPHONEOS_DEPLOYMENT_TARGET = 17.0;
				LOCALIZATION_PREFERS_STRING_CATALOGS = YES;
				MACOSX_DEPLOYMENT_TARGET = 14.0;
				MTL_ENABLE_DEBUG_INFO = INCLUDE_SOURCE;
				MTL_FAST_MATH = YES;
				ONLY_ACTIVE_ARCH = YES;
				SWIFT_ACTIVE_COMPILATION_CONDITIONS = "DEBUG $(inherited)";
				SWIFT_OPTIMIZATION_LEVEL = "-Onone";
			};
			name = Debug;
		};
		A1000001801A0002 /* Release */ = {
			isa = XCBuildConfiguration;
			buildSettings = {
				ALWAYS_SEARCH_USER_PATHS = NO;
				ASSETCATALOG_COMPILER_GENERATE_SWIFT_ASSET_SYMBOL_EXTENSIONS = YES;
				CLANG_ANALYZER_NONNULL = YES;
				CLANG_ANALYZER_NUMBER_OBJECT_CONVERSION = YES_AGGRESSIVE;
				CLANG_CXX_LANGUAGE_STANDARD = "gnu++20";
				CLANG_ENABLE_MODULES = YES;
				CLANG_ENABLE_OBJC_ARC = YES;
				CLANG_ENABLE_OBJC_WEAK = YES;
				CLANG_WARN_BLOCK_CAPTURE_AUTORELEASING = YES;
				CLANG_WARN_BOOL_CONVERSION = YES;
				CLANG_WARN_COMMA = YES;
				CLANG_WARN_CONSTANT_CONVERSION = YES;
				CLANG_WARN_DEPRECATED_OBJC_IMPLEMENTATIONS = YES;
				CLANG_WARN_DIRECT_OBJC_ISA_USAGE = YES_ERROR;
				CLANG_WARN_DOCUMENTATION_COMMENTS = YES;
				CLANG_WARN_EMPTY_BODY = YES;
				CLANG_WARN_ENUM_CONVERSION = YES;
				CLANG_WARN_INFINITE_RECURSION = YES;
				CLANG_WARN_INT_CONVERSION = YES;
				CLANG_WARN_NON_LITERAL_NULL_CONVERSION = YES;
				CLANG_WARN_OBJC_IMPLICIT_RETAIN_SELF = YES;
				CLANG_WARN_OBJC_LITERAL_CONVERSION = YES;
				CLANG_WARN_OBJC_ROOT_CLASS = YES_ERROR;
				CLANG_WARN_QUOTED_INCLUDE_IN_FRAMEWORK_HEADER = YES;
				CLANG_WARN_RANGE_LOOP_ANALYSIS = YES;
				CLANG_WARN_STRICT_PROTOTYPES = YES;
				CLANG_WARN_SUSPICIOUS_MOVE = YES;
				CLANG_WARN_UNGUARDED_AVAILABILITY = YES_AGGRESSIVE;
				CLANG_WARN_UNREACHABLE_CODE = YES;
				CLANG_WARN__DUPLICATE_METHOD_MATCH = YES;
				COPY_PHASE_STRIP = NO;
				DEBUG_INFORMATION_FORMAT = "dwarf-with-dsym";
				ENABLE_NS_ASSERTIONS = NO;
				ENABLE_STRICT_OBJC_MSGSEND = YES;
				ENABLE_USER_SCRIPT_SANDBOXING = YES;
				GCC_C_LANGUAGE_STANDARD = gnu17;
				GCC_NO_COMMON_BLOCKS = YES;
				GCC_WARN_64_TO_32_BIT_CONVERSION = YES;
				GCC_WARN_ABOUT_RETURN_TYPE = YES_ERROR;
				GCC_WARN_UNDECLARED_SELECTOR = YES;
				GCC_WARN_UNINITIALIZED_AUTOS = YES_AGGRESSIVE;
				GCC_WARN_UNUSED_FUNCTION = YES;
				GCC_WARN_UNUSED_VARIABLE = YES;
				IPHONEOS_DEPLOYMENT_TARGET = 17.0;
				LOCALIZATION_PREFERS_STRING_CATALOGS = YES;
				MACOSX_DEPLOYMENT_TARGET = 14.0;
				MTL_ENABLE_DEBUG_INFO = NO;
				MTL_FAST_MATH = YES;
				SWIFT_COMPILATION_MODE = wholemodule;
			};
			name = Release;
		};
		A1000001801A0003 /* Debug */ = {
			isa = XCBuildConfiguration;
			buildSettings = {
				ASSETCATALOG_COMPILER_APPICON_NAME = Axel;
				ASSETCATALOG_COMPILER_GLOBAL_ACCENT_COLOR_NAME = AccentColor;
				CODE_SIGN_ENTITLEMENTS = Axel/Axel.entitlements;
				CODE_SIGN_STYLE = Automatic;
				CURRENT_PROJECT_VERSION = 1;
				DEVELOPMENT_ASSET_PATHS = "\"Axel/Preview Content\"";
				DEVELOPMENT_TEAM = 8ZJ55A62XN;
				ENABLE_PREVIEWS = YES;
				GENERATE_INFOPLIST_FILE = YES;
				INFOPLIST_FILE = Axel/Info.plist;
				INFOPLIST_KEY_CFBundleDisplayName = Axel;
				INFOPLIST_KEY_LSApplicationCategoryType = "public.app-category.productivity";
				INFOPLIST_KEY_UIApplicationSceneManifest_Generation = YES;
				"INFOPLIST_KEY_UIApplicationSceneManifest_Generation[sdk=iphoneos*]" = YES;
				"INFOPLIST_KEY_UIApplicationSceneManifest_Generation[sdk=iphonesimulator*]" = YES;
				INFOPLIST_KEY_UIApplicationSupportsIndirectInputEvents = YES;
				INFOPLIST_KEY_UILaunchScreen_Generation = YES;
				"INFOPLIST_KEY_UILaunchScreen_Generation[sdk=iphoneos*]" = YES;
				"INFOPLIST_KEY_UILaunchScreen_Generation[sdk=iphonesimulator*]" = YES;
				"INFOPLIST_KEY_UIStatusBarStyle[sdk=iphoneos*]" = UIStatusBarStyleDefault;
				"INFOPLIST_KEY_UIStatusBarStyle[sdk=iphonesimulator*]" = UIStatusBarStyleDefault;
				INFOPLIST_KEY_UISupportedInterfaceOrientations_iPad = "UIInterfaceOrientationPortrait UIInterfaceOrientationPortraitUpsideDown UIInterfaceOrientationLandscapeLeft UIInterfaceOrientationLandscapeRight";
				INFOPLIST_KEY_UISupportedInterfaceOrientations_iPhone = "UIInterfaceOrientationPortrait UIInterfaceOrientationLandscapeLeft UIInterfaceOrientationLandscapeRight";
				LD_RUNPATH_SEARCH_PATHS = (
					"$(inherited)",
					"@executable_path/../Frameworks",
				);
				"LD_RUNPATH_SEARCH_PATHS[sdk=iphoneos*]" = (
					"$(inherited)",
					"@executable_path/Frameworks",
				);
				"LD_RUNPATH_SEARCH_PATHS[sdk=iphonesimulator*]" = (
					"$(inherited)",
					"@executable_path/Frameworks",
				);
				MARKETING_VERSION = 1.0;
				PRODUCT_BUNDLE_IDENTIFIER = md.axel.Axel;
				PRODUCT_NAME = "$(TARGET_NAME)";
				SDKROOT = auto;
				SUPPORTED_PLATFORMS = "iphoneos iphonesimulator macosx xros xrsimulator";
				SUPPORTS_MACCATALYST = NO;
				SWIFT_EMIT_LOC_STRINGS = YES;
				"SWIFT_OBJC_BRIDGING_HEADER[sdk=macosx*]" = "Axel/Axel-Bridging-Header.h";
				SWIFT_VERSION = 5.0;
				TARGETED_DEVICE_FAMILY = "1,2,7";
				XROS_DEPLOYMENT_TARGET = 2.0;
			};
			name = Debug;
		};
		A1000001801A0004 /* Release */ = {
			isa = XCBuildConfiguration;
			buildSettings = {
				ASSETCATALOG_COMPILER_APPICON_NAME = Axel;
				ASSETCATALOG_COMPILER_GLOBAL_ACCENT_COLOR_NAME = AccentColor;
				CODE_SIGN_ENTITLEMENTS = Axel/Axel.entitlements;
				CODE_SIGN_STYLE = Automatic;
				CURRENT_PROJECT_VERSION = 1;
				DEVELOPMENT_ASSET_PATHS = "\"Axel/Preview Content\"";
				DEVELOPMENT_TEAM = 8ZJ55A62XN;
				ENABLE_PREVIEWS = YES;
				GENERATE_INFOPLIST_FILE = YES;
				INFOPLIST_FILE = Axel/Info.plist;
				INFOPLIST_KEY_CFBundleDisplayName = Axel;
				INFOPLIST_KEY_LSApplicationCategoryType = "public.app-category.productivity";
				INFOPLIST_KEY_UIApplicationSceneManifest_Generation = YES;
				"INFOPLIST_KEY_UIApplicationSceneManifest_Generation[sdk=iphoneos*]" = YES;
				"INFOPLIST_KEY_UIApplicationSceneManifest_Generation[sdk=iphonesimulator*]" = YES;
				INFOPLIST_KEY_UIApplicationSupportsIndirectInputEvents = YES;
				INFOPLIST_KEY_UILaunchScreen_Generation = YES;
				"INFOPLIST_KEY_UILaunchScreen_Generation[sdk=iphoneos*]" = YES;
				"INFOPLIST_KEY_UILaunchScreen_Generation[sdk=iphonesimulator*]" = YES;
				"INFOPLIST_KEY_UIStatusBarStyle[sdk=iphoneos*]" = UIStatusBarStyleDefault;
				"INFOPLIST_KEY_UIStatusBarStyle[sdk=iphonesimulator*]" = UIStatusBarStyleDefault;
				INFOPLIST_KEY_UISupportedInterfaceOrientations_iPad = "UIInterfaceOrientationPortrait UIInterfaceOrientationPortraitUpsideDown UIInterfaceOrientationLandscapeLeft UIInterfaceOrientationLandscapeRight";
				INFOPLIST_KEY_UISupportedInterfaceOrientations_iPhone = "UIInterfaceOrientationPortrait UIInterfaceOrientationLandscapeLeft UIInterfaceOrientationLandscapeRight";
				LD_RUNPATH_SEARCH_PATHS = (
					"$(inherited)",
					"@executable_path/../Frameworks",
				);
				"LD_RUNPATH_SEARCH_PATHS[sdk=iphoneos*]" = (
					"$(inherited)",
					"@executable_path/Frameworks",
				);
				"LD_RUNPATH_SEARCH_PATHS[sdk=iphonesimulator*]" = (
					"$(inherited)",
					"@executable_path/Frameworks",
				);
				MARKETING_VERSION = 1.0;
				PRODUCT_BUNDLE_IDENTIFIER = md.axel.Axel;
				PRODUCT_NAME = "$(TARGET_NAME)";
				SDKROOT = auto;
				SUPPORTED_PLATFORMS = "iphoneos iphonesimulator macosx xros xrsimulator";
				SUPPORTS_MACCATALYST = NO;
				SWIFT_EMIT_LOC_STRINGS = YES;
				"SWIFT_OBJC_BRIDGING_HEADER[sdk=macosx*]" = "Axel/Axel-Bridging-Header.h";
				SWIFT_VERSION = 5.0;
				TARGETED_DEVICE_FAMILY = "1,2,7";
				XROS_DEPLOYMENT_TARGET = 2.0;
			};
			name = Release;
		};
/* End XCBuildConfiguration section */

/* Begin XCConfigurationList section */
		A1000001601A0001 /* Build configuration list for PBXNativeTarget "Axel" */ = {
			isa = XCConfigurationList;
			buildConfigurations = (
				A1000001801A0003 /* Debug */,
				A1000001801A0004 /* Release */,
			);
			defaultConfigurationIsVisible = 0;
			defaultConfigurationName = Release;
		};
		A1000001601A0002 /* Build configuration list for PBXProject "Axel" */ = {
			isa = XCConfigurationList;
			buildConfigurations = (
				A1000001801A0001 /* Debug */,
				A1000001801A0002 /* Release */,
			);
			defaultConfigurationIsVisible = 0;
			defaultConfigurationName = Release;
		};
/* End XCConfigurationList section */

/* Begin XCLocalSwiftPackageReference section */
		43BD82762F1D5F650092A96C /* XCLocalSwiftPackageReference "AutomergeWrapper" */ = {
			isa = XCLocalSwiftPackageReference;
			relativePath = Packages/AutomergeWrapper;
		};
		43BD82792F1D63F60092A96C /* XCLocalSwiftPackageReference "SwiftTermWrapper" */ = {
			isa = XCLocalSwiftPackageReference;
			relativePath = Packages/SwiftTermWrapper;
		};
/* End XCLocalSwiftPackageReference section */

/* Begin XCRemoteSwiftPackageReference section */
		43BD82702F1D5F650092A96C /* XCRemoteSwiftPackageReference "supabase-swift" */ = {
			isa = XCRemoteSwiftPackageReference;
			repositoryURL = "https://github.com/supabase/supabase-swift";
			requirement = {
				kind = upToNextMajorVersion;
				minimumVersion = 2.5.1;
			};
		};
/* End XCRemoteSwiftPackageReference section */

/* Begin XCSwiftPackageProductDependency section */
		43BD82712F1D63F40092A96C /* Supabase */ = {
			isa = XCSwiftPackageProductDependency;
			package = 43BD82702F1D5F650092A96C /* XCRemoteSwiftPackageReference "supabase-swift" */;
			productName = Supabase;
		};
		43BD82742F1D63F40092A96C /* AutomergeWrapper */ = {
			isa = XCSwiftPackageProductDependency;
			package = 43BD82762F1D5F650092A96C /* XCLocalSwiftPackageReference "AutomergeWrapper" */;
			productName = AutomergeWrapper;
		};
		43BD82772F1D63F50092A96C /* SwiftTermWrapper */ = {
			isa = XCSwiftPackageProductDependency;
			package = 43BD82792F1D63F60092A96C /* XCLocalSwiftPackageReference "SwiftTermWrapper" */;
			productName = SwiftTermWrapper;
		};
/* End XCSwiftPackageProductDependency section */
	};
	rootObject = A1000001701A0001 /* Project object */;
}
